
Microsoft Visual Studio Solution File, Format Version 12.00
# Visual Studio Version 17
VisualStudioVersion = 17.0.31903.59
MinimumVisualStudioVersion = 10.0.40219.1
Project("{2150E333-8FDC-42A3-9474-1A3956D46DE8}") = "15Nov", "15Nov", "{978A716A-F87A-47D2-BD1F-972703F3A0F9}"
EndProject
Project("{FAE04EC0-301F-11D3-BF4B-00C04F79EFBC}") = "A_NestedLogic", "15Nov\A_NestedLogic\A_NestedLogic.csproj", "{7574DBA0-C650-4835-A8B8-B876D0A2370B}"
EndProject
Project("{FAE04EC0-301F-11D3-BF4B-00C04F79EFBC}") = "B_ContainString", "15Nov\B_ContainString\B_ContainString.csproj", "{5B85FF8B-19EE-4B4F-A372-8094454403A3}"
EndProject
Project("{FAE04EC0-301F-11D3-BF4B-00C04F79EFBC}") = "C_BusinessRules1", "15Nov\C_BusinessRules1\C_BusinessRules1.csproj", "{2C394ED0-248C-4763-83FA-6DB9BF6D6024}"
EndProject
Project("{FAE04EC0-301F-11D3-BF4B-00C04F79EFBC}") = "C_BusinessRules2", "15Nov\C_BusinessRules2\C_BusinessRules2.csproj", "{883A5EED-9B5F-49B4-B9AD-88ADC936A4EC}"
EndProject
Project("{2150E333-8FDC-42A3-9474-1A3956D46DE8}") = "16Nov", "16Nov", "{76653D87-5A4F-438B-A680-4D6B86561BFD}"
EndProject
Project("{FAE04EC0-301F-11D3-BF4B-00C04F79EFBC}") = "CreateRedVelvet", "16Nov\CreateRedVelvet\CreateRedVelvet.csproj", "{CB574A70-B25E-49D6-88F5-12354AE02D14}"
EndProject
Project("{FAE04EC0-301F-11D3-BF4B-00C04F79EFBC}") = "A_Array", "16Nov\A_Array\A_Array.csproj", "{D13BBB76-0DB3-47E4-B71F-0AACF7F22CE9}"
EndProject
Project("{2150E333-8FDC-42A3-9474-1A3956D46DE8}") = "17Nov", "17Nov", "{C2C1E9E8-1F79-4E71-B754-9032016BDB75}"
EndProject
Project("{FAE04EC0-301F-11D3-BF4B-00C04F79EFBC}") = "Answer_1", "17Nov\Answer_1\Answer_1.csproj", "{917429FE-B719-438A-BE90-92ABB901A119}"
EndProject
Project("{FAE04EC0-301F-11D3-BF4B-00C04F79EFBC}") = "Answer_2", "17Nov\Answer_2\Answer_2.csproj", "{B7C0DDA6-17A8-475C-8404-9531D639EAD8}"
EndProject
Global
	GlobalSection(SolutionConfigurationPlatforms) = preSolution
		Debug|Any CPU = Debug|Any CPU
		Release|Any CPU = Release|Any CPU
	EndGlobalSection
	GlobalSection(SolutionProperties) = preSolution
		HideSolutionNode = FALSE
	EndGlobalSection
	GlobalSection(ProjectConfigurationPlatforms) = postSolution
		{7574DBA0-C650-4835-A8B8-B876D0A2370B}.Debug|Any CPU.ActiveCfg = Debug|Any CPU
		{7574DBA0-C650-4835-A8B8-B876D0A2370B}.Debug|Any CPU.Build.0 = Debug|Any CPU
		{7574DBA0-C650-4835-A8B8-B876D0A2370B}.Release|Any CPU.ActiveCfg = Release|Any CPU
		{7574DBA0-C650-4835-A8B8-B876D0A2370B}.Release|Any CPU.Build.0 = Release|Any CPU
		{5B85FF8B-19EE-4B4F-A372-8094454403A3}.Debug|Any CPU.ActiveCfg = Debug|Any CPU
		{5B85FF8B-19EE-4B4F-A372-8094454403A3}.Debug|Any CPU.Build.0 = Debug|Any CPU
		{5B85FF8B-19EE-4B4F-A372-8094454403A3}.Release|Any CPU.ActiveCfg = Release|Any CPU
		{5B85FF8B-19EE-4B4F-A372-8094454403A3}.Release|Any CPU.Build.0 = Release|Any CPU
		{2C394ED0-248C-4763-83FA-6DB9BF6D6024}.Debug|Any CPU.ActiveCfg = Debug|Any CPU
		{2C394ED0-248C-4763-83FA-6DB9BF6D6024}.Debug|Any CPU.Build.0 = Debug|Any CPU
		{2C394ED0-248C-4763-83FA-6DB9BF6D6024}.Release|Any CPU.ActiveCfg = Release|Any CPU
		{2C394ED0-248C-4763-83FA-6DB9BF6D6024}.Release|Any CPU.Build.0 = Release|Any CPU
		{883A5EED-9B5F-49B4-B9AD-88ADC936A4EC}.Debug|Any CPU.ActiveCfg = Debug|Any CPU
		{883A5EED-9B5F-49B4-B9AD-88ADC936A4EC}.Debug|Any CPU.Build.0 = Debug|Any CPU
		{883A5EED-9B5F-49B4-B9AD-88ADC936A4EC}.Release|Any CPU.ActiveCfg = Release|Any CPU
		{883A5EED-9B5F-49B4-B9AD-88ADC936A4EC}.Release|Any CPU.Build.0 = Release|Any CPU
		{CB574A70-B25E-49D6-88F5-12354AE02D14}.Debug|Any CPU.ActiveCfg = Debug|Any CPU
		{CB574A70-B25E-49D6-88F5-12354AE02D14}.Debug|Any CPU.Build.0 = Debug|Any CPU
		{CB574A70-B25E-49D6-88F5-12354AE02D14}.Release|Any CPU.ActiveCfg = Release|Any CPU
		{CB574A70-B25E-49D6-88F5-12354AE02D14}.Release|Any CPU.Build.0 = Release|Any CPU
		{D13BBB76-0DB3-47E4-B71F-0AACF7F22CE9}.Debug|Any CPU.ActiveCfg = Debug|Any CPU
		{D13BBB76-0DB3-47E4-B71F-0AACF7F22CE9}.Debug|Any CPU.Build.0 = Debug|Any CPU
		{D13BBB76-0DB3-47E4-B71F-0AACF7F22CE9}.Release|Any CPU.ActiveCfg = Release|Any CPU
		{D13BBB76-0DB3-47E4-B71F-0AACF7F22CE9}.Release|Any CPU.Build.0 = Release|Any CPU
		{917429FE-B719-438A-BE90-92ABB901A119}.Debug|Any CPU.ActiveCfg = Debug|Any CPU
		{917429FE-B719-438A-BE90-92ABB901A119}.Debug|Any CPU.Build.0 = Debug|Any CPU
		{917429FE-B719-438A-BE90-92ABB901A119}.Release|Any CPU.ActiveCfg = Release|Any CPU
		{917429FE-B719-438A-BE90-92ABB901A119}.Release|Any CPU.Build.0 = Release|Any CPU
		{B7C0DDA6-17A8-475C-8404-9531D639EAD8}.Debug|Any CPU.ActiveCfg = Debug|Any CPU
		{B7C0DDA6-17A8-475C-8404-9531D639EAD8}.Debug|Any CPU.Build.0 = Debug|Any CPU
		{B7C0DDA6-17A8-475C-8404-9531D639EAD8}.Release|Any CPU.ActiveCfg = Release|Any CPU
		{B7C0DDA6-17A8-475C-8404-9531D639EAD8}.Release|Any CPU.Build.0 = Release|Any CPU
	EndGlobalSection
	GlobalSection(NestedProjects) = preSolution
		{7574DBA0-C650-4835-A8B8-B876D0A2370B} = {978A716A-F87A-47D2-BD1F-972703F3A0F9}
		{5B85FF8B-19EE-4B4F-A372-8094454403A3} = {978A716A-F87A-47D2-BD1F-972703F3A0F9}
		{2C394ED0-248C-4763-83FA-6DB9BF6D6024} = {978A716A-F87A-47D2-BD1F-972703F3A0F9}
		{883A5EED-9B5F-49B4-B9AD-88ADC936A4EC} = {978A716A-F87A-47D2-BD1F-972703F3A0F9}
		{CB574A70-B25E-49D6-88F5-12354AE02D14} = {76653D87-5A4F-438B-A680-4D6B86561BFD}
		{D13BBB76-0DB3-47E4-B71F-0AACF7F22CE9} = {76653D87-5A4F-438B-A680-4D6B86561BFD}
		{917429FE-B719-438A-BE90-92ABB901A119} = {C2C1E9E8-1F79-4E71-B754-9032016BDB75}
		{B7C0DDA6-17A8-475C-8404-9531D639EAD8} = {C2C1E9E8-1F79-4E71-B754-9032016BDB75}
	EndGlobalSection
EndGlobal
