
Microsoft Visual Studio Solution File, Format Version 12.00
# Visual Studio Version 17
VisualStudioVersion = 17.0.31903.59
MinimumVisualStudioVersion = 10.0.40219.1
Project("{2150E333-8FDC-42A3-9474-1A3956D46DE8}") = "self-train", "self-train", "{B13DD5C6-5DF2-4778-BAEA-FB89E5952594}"
EndProject
Project("{2150E333-8FDC-42A3-9474-1A3956D46DE8}") = "15Nov", "15Nov", "{EF8004B1-F444-4AD9-BDF0-98779EE58042}"
EndProject
Project("{FAE04EC0-301F-11D3-BF4B-00C04F79EFBC}") = "B_ContainString", "self-train\15Nov\B_ContainString\B_ContainString.csproj", "{131D3E16-AFD7-424E-BF23-35F96DC2FA53}"
EndProject
Project("{FAE04EC0-301F-11D3-BF4B-00C04F79EFBC}") = "A_NestedLogic", "self-train\15Nov\A_NestedLogic\A_NestedLogic.csproj", "{B32078EF-598A-4422-8FB6-C6A082BA0133}"
EndProject
Project("{FAE04EC0-301F-11D3-BF4B-00C04F79EFBC}") = "C_BusinessRules1", "self-train\15Nov\C_BusinessRules1\C_BusinessRules1.csproj", "{AE9CF6D9-704B-4286-A42E-E7020DC5FBA1}"
EndProject
Project("{FAE04EC0-301F-11D3-BF4B-00C04F79EFBC}") = "C_BusinessRules2", "self-train\15Nov\C_BusinessRules2\C_BusinessRules2.csproj", "{B800A7C6-4EB1-4E73-BC47-C7812BC33BA8}"
EndProject
Project("{2150E333-8FDC-42A3-9474-1A3956D46DE8}") = "17Nov", "17Nov", "{B14B5A6C-C9C8-4917-9FD3-EEE59B7472AE}"
EndProject
Project("{FAE04EC0-301F-11D3-BF4B-00C04F79EFBC}") = "Answer_1", "self-train\17Nov\Answer_1\Answer_1.csproj", "{14EE7C18-207F-4DBF-9659-097918212162}"
EndProject
Project("{FAE04EC0-301F-11D3-BF4B-00C04F79EFBC}") = "Answer_2", "self-train\17Nov\Answer_2\Answer_2.csproj", "{8CD06C15-13BD-46E3-8DEB-BC20CC1CBF19}"
EndProject
Project("{FAE04EC0-301F-11D3-BF4B-00C04F79EFBC}") = "Answer_3", "self-train\17Nov\Answer_3\Answer_3.csproj", "{6DC121D0-BED4-45FC-AF12-F6D15DB0B78E}"
EndProject
Project("{2150E333-8FDC-42A3-9474-1A3956D46DE8}") = "18Nov", "18Nov", "{E88438CC-57C6-407C-AF56-A32C4697F6B2}"
EndProject
Project("{FAE04EC0-301F-11D3-BF4B-00C04F79EFBC}") = "CharArray", "self-train\18Nov\CharArray\CharArray.csproj", "{86C4A555-88DF-45E4-8D24-898F9E65CD9F}"
EndProject
Project("{FAE04EC0-301F-11D3-BF4B-00C04F79EFBC}") = "CobaCoba", "self-train\18Nov\CobaCoba\CobaCoba.csproj", "{7C39007D-A83F-4838-BC46-1EE789591775}"
EndProject
Project("{2150E333-8FDC-42A3-9474-1A3956D46DE8}") = "on-site", "on-site", "{B5759B83-601A-4A12-B942-1E90477B0A9E}"
EndProject
Project("{FAE04EC0-301F-11D3-BF4B-00C04F79EFBC}") = "Day1", "on-site\Day1\Day1.csproj", "{42DE5B48-7F2D-442A-BEB5-39CF21460134}"
EndProject
Project("{FAE04EC0-301F-11D3-BF4B-00C04F79EFBC}") = "Day2", "on-site\Day2\Day2.csproj", "{8D8CEDF4-BB3E-416D-9563-2A143F9B0476}"
EndProject
Project("{2150E333-8FDC-42A3-9474-1A3956D46DE8}") = "Day3", "Day3", "{265EFB3A-DC00-4294-B71C-8A9C356055CB}"
EndProject
Project("{FAE04EC0-301F-11D3-BF4B-00C04F79EFBC}") = "A_InheritanceTutorial", "on-site\Day3\A_InheritanceTutorial\A_InheritanceTutorial.csproj", "{62C93B49-E1AF-4686-9937-28CDE5839563}"
EndProject
Project("{FAE04EC0-301F-11D3-BF4B-00C04F79EFBC}") = "B_Inheritance_ChildConstructor", "on-site\Day3\B_Inheritance_ChildConstructor\B_Inheritance_ChildConstructor.csproj", "{8738C349-49FB-4920-B7A4-F62D2CD8EA34}"
EndProject
Project("{FAE04EC0-301F-11D3-BF4B-00C04F79EFBC}") = "C_Inheritance_ParentConstructor", "on-site\Day3\C_Inheritance_ParentConstructor\C_Inheritance_ParentConstructor.csproj", "{73EC0CF0-A615-4A06-9D4F-73D6D70EDC7E}"
EndProject
Project("{FAE04EC0-301F-11D3-BF4B-00C04F79EFBC}") = "D_Inheritance_ParentConstructorOverloading", "on-site\Day3\D_Inheritance_ParentConstructorOverloading\D_Inheritance_ParentConstructorOverloading.csproj", "{C3231727-7D97-407C-A6E2-E677D6D2B7B0}"
EndProject
Project("{FAE04EC0-301F-11D3-BF4B-00C04F79EFBC}") = "E_Inheritance_Parent=Child", "on-site\Day3\E_Inheritance_Parent=Child\E_Inheritance_Parent=Child.csproj", "{4344A48E-3BE0-4DA0-A4E7-86DFEA034924}"
EndProject
Project("{FAE04EC0-301F-11D3-BF4B-00C04F79EFBC}") = "F_ConstReadOnly", "on-site\Day3\F_ConstReadOnly\F_ConstReadOnly.csproj", "{D424EA52-CC6D-4B07-9F87-B63639E7F656}"
EndProject
Project("{FAE04EC0-301F-11D3-BF4B-00C04F79EFBC}") = "G_DefaultAccessModifier", "on-site\Day3\G_DefaultAccessModifier\G_DefaultAccessModifier.csproj", "{6447F9A6-FBCD-467E-82C6-979EB0DF5FD7}"
EndProject
Project("{FAE04EC0-301F-11D3-BF4B-00C04F79EFBC}") = "H_PrivateMethod", "on-site\Day3\H_PrivateMethod\H_PrivateMethod.csproj", "{5C28B97E-C3D8-4FD1-AB64-59D253CCA732}"
EndProject
Project("{FAE04EC0-301F-11D3-BF4B-00C04F79EFBC}") = "I_Overloading", "on-site\Day3\I_Overloading\I_Overloading.csproj", "{2DE8D1FE-DB7D-4B36-B171-46595E474428}"
EndProject
Project("{FAE04EC0-301F-11D3-BF4B-00C04F79EFBC}") = "J_VirtualOverride", "on-site\Day3\J_VirtualOverride\J_VirtualOverride.csproj", "{50CAE8FB-2B41-4DA9-88CE-246FEA9E77AB}"
EndProject
Project("{FAE04EC0-301F-11D3-BF4B-00C04F79EFBC}") = "K_Overriding_Parent=Child", "on-site\Day3\K_Overriding_Parent=Child\K_Overriding_Parent=Child.csproj", "{FE1D8BF2-4723-4E9C-A8B9-E8790BA2300A}"
EndProject
Project("{FAE04EC0-301F-11D3-BF4B-00C04F79EFBC}") = "L_MethodHiding", "on-site\Day3\L_MethodHiding\L_MethodHiding.csproj", "{0D317E30-C389-40C6-A78E-562D9ABFDC21}"
EndProject
Project("{FAE04EC0-301F-11D3-BF4B-00C04F79EFBC}") = "M_ImplementationOfOverriding", "on-site\Day3\M_ImplementationOfOverriding\M_ImplementationOfOverriding.csproj", "{59A0ED18-F2FF-4EA5-8EAD-8C624D54E30F}"
EndProject
Project("{2150E333-8FDC-42A3-9474-1A3956D46DE8}") = "Day4", "Day4", "{0569975D-E1DF-4710-A9AC-31AE2B8925A1}"
EndProject
Project("{FAE04EC0-301F-11D3-BF4B-00C04F79EFBC}") = "A_AbstractClass", "on-site\Day4\A_AbstractClass\A_AbstractClass.csproj", "{E5B16C3E-B43A-489A-8301-7C2D07F7E8AD}"
EndProject
Project("{FAE04EC0-301F-11D3-BF4B-00C04F79EFBC}") = "B_Abstract_ParentChild", "on-site\Day4\B_Abstract_ParentChild\B_Abstract_ParentChild.csproj", "{34CD51C0-5F19-4A95-BEAA-D5E0C7163F52}"
EndProject
Project("{FAE04EC0-301F-11D3-BF4B-00C04F79EFBC}") = "C_Abstract_ParentChild2", "on-site\Day4\C_Abstract_ParentChild2\C_Abstract_ParentChild2.csproj", "{A84A2E01-C0E9-4B45-8B3C-B2EFB80C0167}"
EndProject
Project("{FAE04EC0-301F-11D3-BF4B-00C04F79EFBC}") = "D_Interface_Basic", "on-site\Day4\D_Interface_Basic\D_Interface_Basic.csproj", "{BA1263E8-A621-4A51-ADF5-A263B0931427}"
EndProject
Project("{FAE04EC0-301F-11D3-BF4B-00C04F79EFBC}") = "E_Interface_ISP", "on-site\Day4\E_Interface_ISP\E_Interface_ISP.csproj", "{FE2F01D5-3605-4C87-B461-38DADA2985F5}"
EndProject
Project("{FAE04EC0-301F-11D3-BF4B-00C04F79EFBC}") = "F_Interface_ISPImplementation", "on-site\Day4\F_Interface_ISPImplementation\F_Interface_ISPImplementation.csproj", "{EF4F8DB2-24FF-433C-94BA-FAC4071C81F1}"
EndProject
Project("{FAE04EC0-301F-11D3-BF4B-00C04F79EFBC}") = "G_Interface_WhyNeedInterface", "on-site\Day4\G_Interface_WhyNeedInterface\G_Interface_WhyNeedInterface.csproj", "{5FD9729D-7D06-4C51-923F-43E413865618}"
EndProject
Project("{FAE04EC0-301F-11D3-BF4B-00C04F79EFBC}") = "I_Static_Introduction", "on-site\Day4\I_Static_Introduction\I_Static_Introduction.csproj", "{9BE4A59B-E4E8-40D9-A974-E2751D5C5C67}"
EndProject
Project("{2150E333-8FDC-42A3-9474-1A3956D46DE8}") = "Day5", "Day5", "{06F8C4F2-F367-41C4-B5D7-3468A570E8AB}"
EndProject
Project("{FAE04EC0-301F-11D3-BF4B-00C04F79EFBC}") = "A_ValueType", "on-site\Day5\A_ValueType\A_ValueType.csproj", "{5C6C2E7C-F4D3-4307-B54F-9B00EC82827B}"
EndProject
Project("{FAE04EC0-301F-11D3-BF4B-00C04F79EFBC}") = "B_ReferenceType", "on-site\Day5\B_ReferenceType\B_ReferenceType.csproj", "{0B2A3D48-65C4-4D35-9D48-154CB60B4B25}"
EndProject
Project("{FAE04EC0-301F-11D3-BF4B-00C04F79EFBC}") = "C_MutableImmutable", "on-site\Day5\C_MutableImmutable\C_MutableImmutable.csproj", "{C5682235-40E2-42DB-9F38-9BBB006356E2}"
EndProject
Project("{FAE04EC0-301F-11D3-BF4B-00C04F79EFBC}") = "D_String", "on-site\Day5\D_String\D_String.csproj", "{8B031958-DEAA-4C9B-8F3D-3DCE19C6A883}"
EndProject
Project("{FAE04EC0-301F-11D3-BF4B-00C04F79EFBC}") = "E_StringBuilder", "on-site\Day5\E_StringBuilder\E_StringBuilder.csproj", "{C1FCA07C-132B-4D7A-BDB7-1766502899E9}"
EndProject
Project("{FAE04EC0-301F-11D3-BF4B-00C04F79EFBC}") = "F_Example_StackOverFlowException", "on-site\Day5\F_Example_StackOverFlowException\F_Example_StackOverFlowException.csproj", "{74502A89-6A02-4AD1-9296-868D598E2F3B}"
EndProject
Project("{FAE04EC0-301F-11D3-BF4B-00C04F79EFBC}") = "G_UpcastDowncastExplicitImplicit", "on-site\Day5\G_UpcastDowncastExplicitImplicit\G_UpcastDowncastExplicitImplicit.csproj", "{B610ADDB-3037-4528-BA00-FF55FB4BBA75}"
EndProject
Project("{FAE04EC0-301F-11D3-BF4B-00C04F79EFBC}") = "H_ChildParentChild", "on-site\Day5\H_ChildParentChild\H_ChildParentChild.csproj", "{465E4001-05C8-49CC-A2F4-C67FA172BA6B}"
EndProject
Project("{FAE04EC0-301F-11D3-BF4B-00C04F79EFBC}") = "I_ExampleOfGameController", "on-site\Day5\I_ExampleOfGameController\I_ExampleOfGameController.csproj", "{0C3CF3D2-B26F-4D83-A3A7-06904AE31E65}"
EndProject
Project("{FAE04EC0-301F-11D3-BF4B-00C04F79EFBC}") = "J_ExampleOfGameController2", "on-site\Day5\J_ExampleOfGameController2\J_ExampleOfGameController2.csproj", "{08543784-0AED-4A49-9B95-FA79ABB8AB28}"
EndProject
Project("{FAE04EC0-301F-11D3-BF4B-00C04F79EFBC}") = "K_ArraySize", "on-site\Day5\K_ArraySize\K_ArraySize.csproj", "{A8DA7F07-1BA6-4057-9B14-D2EBA2FEC7AC}"
EndProject
Project("{FAE04EC0-301F-11D3-BF4B-00C04F79EFBC}") = "L_Enum", "on-site\Day5\L_Enum\L_Enum.csproj", "{E3180BB2-C804-4EA2-BA26-52367D6E98C0}"
EndProject
Project("{FAE04EC0-301F-11D3-BF4B-00C04F79EFBC}") = "M_Enum2", "on-site\Day5\M_Enum2\M_Enum2.csproj", "{E1F20779-3A81-4B2E-8940-E14DB322EA38}"
EndProject
Project("{2150E333-8FDC-42A3-9474-1A3956D46DE8}") = "from-trainer", "from-trainer", "{14BF8826-6A2D-481E-9596-F6C6B72657D5}"
EndProject
Project("{FAE04EC0-301F-11D3-BF4B-00C04F79EFBC}") = "Calculator", "from-trainer\Calculator\Calculator.csproj", "{037BB52C-7A31-4181-B4CC-8FBD0587609D}"
EndProject
Project("{FAE04EC0-301F-11D3-BF4B-00C04F79EFBC}") = "Car Project", "from-trainer\CarProject\Car Project.csproj", "{9A0FEB96-D457-4C71-9350-E5C1260712AA}"
EndProject
Project("{FAE04EC0-301F-11D3-BF4B-00C04F79EFBC}") = "CatProgram", "from-trainer\CatProgram\CatProgram.csproj", "{27C16BC7-BCC2-4CC3-807A-73562CD846AA}"
EndProject
Project("{FAE04EC0-301F-11D3-BF4B-00C04F79EFBC}") = "CatProgramParameter", "from-trainer\CatProgramParameter\CatProgramParameter.csproj", "{06C108A3-E019-4F29-A1F2-9DA82ED62D64}"
EndProject
Project("{2150E333-8FDC-42A3-9474-1A3956D46DE8}") = "Day6", "Day6", "{FB5B1048-A0E9-45D8-BBEB-B5B7253EA554}"
EndProject
Project("{FAE04EC0-301F-11D3-BF4B-00C04F79EFBC}") = "A_Object", "on-site\Day6\A_Object\A_Object.csproj", "{544994E9-0888-4EE6-B414-968503E059D6}"
EndProject
Project("{FAE04EC0-301F-11D3-BF4B-00C04F79EFBC}") = "B_ImplementationOfObject", "on-site\Day6\B_ImplementationOfObject\B_ImplementationOfObject.csproj", "{F2C8D876-13BC-4D82-898B-59085384C081}"
EndProject
Project("{FAE04EC0-301F-11D3-BF4B-00C04F79EFBC}") = "C_Dynamic", "on-site\Day6\C_Dynamic\C_Dynamic.csproj", "{78921AD1-3E1F-48C0-980E-9E2DC8522BB9}"
EndProject
Project("{FAE04EC0-301F-11D3-BF4B-00C04F79EFBC}") = "D_PatternMatching", "on-site\Day6\D_PatternMatching\D_PatternMatching.csproj", "{E01162F3-BDAC-4EB4-9996-3075FCEE923A}"
EndProject
Project("{FAE04EC0-301F-11D3-BF4B-00C04F79EFBC}") = "E_IsAs", "on-site\Day6\E_IsAs\E_IsAs.csproj", "{11404881-68C1-4AC7-BBFF-4D2D70938210}"
EndProject
Project("{FAE04EC0-301F-11D3-BF4B-00C04F79EFBC}") = "F_OverrideToString", "on-site\Day6\F_OverrideToString\F_OverrideToString.csproj", "{9DCD3FDE-9F59-4E35-AADE-7856E7FA1969}"
EndProject
Project("{FAE04EC0-301F-11D3-BF4B-00C04F79EFBC}") = "G_ObjectWeakness", "on-site\Day6\G_ObjectWeakness\G_ObjectWeakness.csproj", "{46F70B94-F955-4D6D-AE80-BD0B273572B9}"
EndProject
Project("{FAE04EC0-301F-11D3-BF4B-00C04F79EFBC}") = "H_ValueType", "on-site\Day6\H_ValueType\H_ValueType.csproj", "{39C5623D-AEA2-49D1-AD43-22BFF1F456CE}"
EndProject
Project("{FAE04EC0-301F-11D3-BF4B-00C04F79EFBC}") = "I_ReferenceType", "on-site\Day6\I_ReferenceType\I_ReferenceType.csproj", "{7740D512-FC53-4C43-B75E-1DFBE92F253A}"
EndProject
Project("{FAE04EC0-301F-11D3-BF4B-00C04F79EFBC}") = "J_Ref", "on-site\Day6\J_Ref\J_Ref.csproj", "{C21A6578-E474-4DDA-9C0F-2D982A2DED59}"
EndProject
Project("{FAE04EC0-301F-11D3-BF4B-00C04F79EFBC}") = "K_Out", "on-site\Day6\K_Out\K_Out.csproj", "{BB2CCF0E-CC8D-4B3A-B638-BAB65AC641EB}"
EndProject
Project("{FAE04EC0-301F-11D3-BF4B-00C04F79EFBC}") = "L_OutTryParse", "on-site\Day6\L_OutTryParse\L_OutTryParse.csproj", "{FEA7C638-2AD3-4CEE-895F-7C788437CDFC}"
EndProject
Project("{FAE04EC0-301F-11D3-BF4B-00C04F79EFBC}") = "M_In", "on-site\Day6\M_In\M_In.csproj", "{55698457-5A98-400B-97F2-3520A0E00675}"
EndProject
Project("{FAE04EC0-301F-11D3-BF4B-00C04F79EFBC}") = "N_InReference", "on-site\Day6\N_InReference\N_InReference.csproj", "{6225CE6A-05D5-47C1-B369-8B07FF0C1BC6}"
EndProject
Project("{FAE04EC0-301F-11D3-BF4B-00C04F79EFBC}") = "O_Const", "on-site\Day6\O_Const\O_Const.csproj", "{DB29ADA1-D097-445D-B610-44F1954C4F9B}"
EndProject
Project("{FAE04EC0-301F-11D3-BF4B-00C04F79EFBC}") = "P_Static", "on-site\Day6\P_Static\P_Static.csproj", "{4FCC1872-BF5E-4A54-BDFC-2335DC6BA8C7}"
EndProject
Project("{FAE04EC0-301F-11D3-BF4B-00C04F79EFBC}") = "Q_Static2", "on-site\Day6\Q_Static2\Q_Static2.csproj", "{7A98495A-839B-457A-A4E9-715970FA2C3F}"
EndProject
Project("{FAE04EC0-301F-11D3-BF4B-00C04F79EFBC}") = "R_StaticTrackInstanceCreated", "on-site\Day6\R_StaticTrackInstanceCreated\R_StaticTrackInstanceCreated.csproj", "{DA55E051-316A-4469-930A-F023A0A27710}"
EndProject
Project("{FAE04EC0-301F-11D3-BF4B-00C04F79EFBC}") = "S_ExtensionMethod", "on-site\Day6\S_ExtensionMethod\S_ExtensionMethod.csproj", "{0732F0BF-7758-44DD-B474-034D41458965}"
EndProject
Project("{FAE04EC0-301F-11D3-BF4B-00C04F79EFBC}") = "T_ExtensionMethod", "on-site\Day6\T_ExtensionMethod\T_ExtensionMethod.csproj", "{F654861A-3981-4908-9F9E-7283594E2792}"
EndProject
Project("{FAE04EC0-301F-11D3-BF4B-00C04F79EFBC}") = "U_Property", "on-site\Day6\U_Property\U_Property.csproj", "{B6219385-005F-4F46-8076-F01A4286A706}"
EndProject
Project("{2150E333-8FDC-42A3-9474-1A3956D46DE8}") = "16Nov", "16Nov", "{0514DB85-262C-4649-BEAC-F0E005D2BF26}"
EndProject
Project("{FAE04EC0-301F-11D3-BF4B-00C04F79EFBC}") = "A_Array", "self-train\16Nov\A_Array\A_Array.csproj", "{F6DB2447-7E47-43D1-8BE2-0909E4E00050}"
EndProject
Project("{FAE04EC0-301F-11D3-BF4B-00C04F79EFBC}") = "Genshin_1", "self-train\16Nov\Genshin_1\Genshin_1.csproj", "{F9535058-0019-4D87-B511-152615DEAB4E}"
EndProject
Project("{FAE04EC0-301F-11D3-BF4B-00C04F79EFBC}") = "Genshin_2", "self-train\16Nov\Genshin_2\Genshin_2.csproj", "{8F8753C2-DA85-44AB-BA29-37D68EE39150}"
EndProject
Project("{2150E333-8FDC-42A3-9474-1A3956D46DE8}") = "Day7", "Day7", "{04520A1B-CA1E-4F12-BE81-EA8B76AE198E}"
EndProject
Project("{FAE04EC0-301F-11D3-BF4B-00C04F79EFBC}") = "A_Generic", "on-site\Day7\A_Generic\A_Generic.csproj", "{93FC4371-C3F7-4AF5-9991-0C9E5BF64CD9}"
EndProject
Project("{FAE04EC0-301F-11D3-BF4B-00C04F79EFBC}") = "B_Generic2", "on-site\Day7\B_Generic2\B_Generic2.csproj", "{2A0AA8D4-A0F2-4174-B2D4-3922B0D3405F}"
EndProject
Project("{FAE04EC0-301F-11D3-BF4B-00C04F79EFBC}") = "C_GenericConstraint", "on-site\Day7\C_GenericConstraint\C_GenericConstraint.csproj", "{5FCA78EF-DD67-4EFF-B8FD-BBD481529864}"
EndProject
Project("{FAE04EC0-301F-11D3-BF4B-00C04F79EFBC}") = "D_OperatorOverloading", "on-site\Day7\D_OperatorOverloading\D_OperatorOverloading.csproj", "{372CC617-37C0-4E88-BEFC-6FE5BC33CAD6}"
EndProject
Project("{FAE04EC0-301F-11D3-BF4B-00C04F79EFBC}") = "E_SingleDelegate", "on-site\Day7\E_SingleDelegate\E_SingleDelegate.csproj", "{CFF9A0E6-FB91-44F7-9922-BB56885E0692}"
EndProject
Project("{FAE04EC0-301F-11D3-BF4B-00C04F79EFBC}") = "F_MulticastDelegate", "on-site\Day7\F_MulticastDelegate\F_MulticastDelegate.csproj", "{F89EBDEE-BB22-41DF-A75D-90353601A20A}"
EndProject
Project("{FAE04EC0-301F-11D3-BF4B-00C04F79EFBC}") = "G_MulticastDelegate", "on-site\Day7\G_MulticastDelegate\G_MulticastDelegate.csproj", "{27831F06-B5F8-4B5D-A2A0-B68B29F66692}"
EndProject
Project("{FAE04EC0-301F-11D3-BF4B-00C04F79EFBC}") = "H_MulticastDelegate", "on-site\Day7\H_MulticastDelegate\H_MulticastDelegate.csproj", "{2726427D-37E1-4B15-851D-57F9DDDF6323}"
EndProject
Project("{FAE04EC0-301F-11D3-BF4B-00C04F79EFBC}") = "I_DelegateWithReturnValue", "on-site\Day7\I_DelegateWithReturnValue\I_DelegateWithReturnValue.csproj", "{7C9BF8C7-3DE7-460B-A93D-89F1CE7CAF4A}"
EndProject
Project("{FAE04EC0-301F-11D3-BF4B-00C04F79EFBC}") = "J_CatchDelegatewithReturn", "on-site\Day7\J_CatchDelegatewithReturn\J_CatchDelegatewithReturn.csproj", "{7736C99D-51AE-4C4E-80AB-3068E9489F8A}"
EndProject
Project("{FAE04EC0-301F-11D3-BF4B-00C04F79EFBC}") = "K_SimplePubSub", "on-site\Day7\K_SimplePubSub\K_SimplePubSub.csproj", "{4362F4C7-A7C9-4E16-86C6-68CDCFECE082}"
EndProject
Project("{FAE04EC0-301F-11D3-BF4B-00C04F79EFBC}") = "L_PubSubWithChecker", "on-site\Day7\L_PubSubWithChecker\L_PubSubWithChecker.csproj", "{A2BA93D1-BD88-45DA-8E01-0832D26D6498}"
EndProject
Project("{FAE04EC0-301F-11D3-BF4B-00C04F79EFBC}") = "CreateGame", "self-train\18Nov\CreateGame\CreateGame.csproj", "{8AD41EB4-9C80-4D2D-A43C-790350E624DD}"
EndProject
Project("{FAE04EC0-301F-11D3-BF4B-00C04F79EFBC}") = "GameController", "from-trainer\GameController\GameController.csproj", "{93F1C25F-EEB1-4461-96EB-BC0F39FC52BF}"
EndProject
Project("{2150E333-8FDC-42A3-9474-1A3956D46DE8}") = "Day8", "Day8", "{B62B9CF8-21C0-4EA9-A0DF-BEF135B9147B}"
EndProject
Project("{FAE04EC0-301F-11D3-BF4B-00C04F79EFBC}") = "BetterAvoidTryCatch", "on-site\Day8\BetterAvoidTryCatch\BetterAvoidTryCatch.csproj", "{E52F3AF4-6E07-4F82-B3A1-71459C530F37}"
EndProject
Project("{FAE04EC0-301F-11D3-BF4B-00C04F79EFBC}") = "EventArgs", "on-site\Day8\EventArgs\EventArgs.csproj", "{5568BC5C-6CF1-436A-A54E-C939A9D183D0}"
EndProject
Project("{FAE04EC0-301F-11D3-BF4B-00C04F79EFBC}") = "EventHandlerGENERIC", "on-site\Day8\EventHandlerGENERIC\EventHandlerGENERIC.csproj", "{632F0FF2-92C8-4132-98AB-CFDFC86E6C03}"
EndProject
Project("{FAE04EC0-301F-11D3-BF4B-00C04F79EFBC}") = "Example", "on-site\Day8\Example\Example.csproj", "{3942F5CE-15D1-4BB2-994C-9C5321712C90}"
EndProject
Project("{FAE04EC0-301F-11D3-BF4B-00C04F79EFBC}") = "ExampleException", "on-site\Day8\ExampleException\ExampleException.csproj", "{6E2AC88C-1FEB-4F31-A230-EE49DF43B65F}"
EndProject
Project("{FAE04EC0-301F-11D3-BF4B-00C04F79EFBC}") = "ExceptionHandler", "on-site\Day8\ExceptionHandler\ExceptionHandler.csproj", "{3C1E2ABA-CB08-41C6-AFB9-93F28B74FB8B}"
EndProject
Project("{FAE04EC0-301F-11D3-BF4B-00C04F79EFBC}") = "ExceptionHandler2", "on-site\Day8\ExceptionHandler2\ExceptionHandler2.csproj", "{C720CB07-4D8E-4304-B468-A837BFB74331}"
EndProject
Project("{FAE04EC0-301F-11D3-BF4B-00C04F79EFBC}") = "Tuple", "on-site\Day8\Tuple\Tuple.csproj", "{B855D1AB-8549-42FC-B82B-3AF6EFF4B0BA}"
EndProject
Global
	GlobalSection(SolutionConfigurationPlatforms) = preSolution
		Debug|Any CPU = Debug|Any CPU
		Release|Any CPU = Release|Any CPU
	EndGlobalSection
	GlobalSection(SolutionProperties) = preSolution
		HideSolutionNode = FALSE
	EndGlobalSection
	GlobalSection(ProjectConfigurationPlatforms) = postSolution
		{131D3E16-AFD7-424E-BF23-35F96DC2FA53}.Debug|Any CPU.ActiveCfg = Debug|Any CPU
		{131D3E16-AFD7-424E-BF23-35F96DC2FA53}.Debug|Any CPU.Build.0 = Debug|Any CPU
		{131D3E16-AFD7-424E-BF23-35F96DC2FA53}.Release|Any CPU.ActiveCfg = Release|Any CPU
		{131D3E16-AFD7-424E-BF23-35F96DC2FA53}.Release|Any CPU.Build.0 = Release|Any CPU
		{B32078EF-598A-4422-8FB6-C6A082BA0133}.Debug|Any CPU.ActiveCfg = Debug|Any CPU
		{B32078EF-598A-4422-8FB6-C6A082BA0133}.Debug|Any CPU.Build.0 = Debug|Any CPU
		{B32078EF-598A-4422-8FB6-C6A082BA0133}.Release|Any CPU.ActiveCfg = Release|Any CPU
		{B32078EF-598A-4422-8FB6-C6A082BA0133}.Release|Any CPU.Build.0 = Release|Any CPU
		{AE9CF6D9-704B-4286-A42E-E7020DC5FBA1}.Debug|Any CPU.ActiveCfg = Debug|Any CPU
		{AE9CF6D9-704B-4286-A42E-E7020DC5FBA1}.Debug|Any CPU.Build.0 = Debug|Any CPU
		{AE9CF6D9-704B-4286-A42E-E7020DC5FBA1}.Release|Any CPU.ActiveCfg = Release|Any CPU
		{AE9CF6D9-704B-4286-A42E-E7020DC5FBA1}.Release|Any CPU.Build.0 = Release|Any CPU
		{B800A7C6-4EB1-4E73-BC47-C7812BC33BA8}.Debug|Any CPU.ActiveCfg = Debug|Any CPU
		{B800A7C6-4EB1-4E73-BC47-C7812BC33BA8}.Debug|Any CPU.Build.0 = Debug|Any CPU
		{B800A7C6-4EB1-4E73-BC47-C7812BC33BA8}.Release|Any CPU.ActiveCfg = Release|Any CPU
		{B800A7C6-4EB1-4E73-BC47-C7812BC33BA8}.Release|Any CPU.Build.0 = Release|Any CPU
		{14EE7C18-207F-4DBF-9659-097918212162}.Debug|Any CPU.ActiveCfg = Debug|Any CPU
		{14EE7C18-207F-4DBF-9659-097918212162}.Debug|Any CPU.Build.0 = Debug|Any CPU
		{14EE7C18-207F-4DBF-9659-097918212162}.Release|Any CPU.ActiveCfg = Release|Any CPU
		{14EE7C18-207F-4DBF-9659-097918212162}.Release|Any CPU.Build.0 = Release|Any CPU
		{8CD06C15-13BD-46E3-8DEB-BC20CC1CBF19}.Debug|Any CPU.ActiveCfg = Debug|Any CPU
		{8CD06C15-13BD-46E3-8DEB-BC20CC1CBF19}.Debug|Any CPU.Build.0 = Debug|Any CPU
		{8CD06C15-13BD-46E3-8DEB-BC20CC1CBF19}.Release|Any CPU.ActiveCfg = Release|Any CPU
		{8CD06C15-13BD-46E3-8DEB-BC20CC1CBF19}.Release|Any CPU.Build.0 = Release|Any CPU
		{6DC121D0-BED4-45FC-AF12-F6D15DB0B78E}.Debug|Any CPU.ActiveCfg = Debug|Any CPU
		{6DC121D0-BED4-45FC-AF12-F6D15DB0B78E}.Debug|Any CPU.Build.0 = Debug|Any CPU
		{6DC121D0-BED4-45FC-AF12-F6D15DB0B78E}.Release|Any CPU.ActiveCfg = Release|Any CPU
		{6DC121D0-BED4-45FC-AF12-F6D15DB0B78E}.Release|Any CPU.Build.0 = Release|Any CPU
		{86C4A555-88DF-45E4-8D24-898F9E65CD9F}.Debug|Any CPU.ActiveCfg = Debug|Any CPU
		{86C4A555-88DF-45E4-8D24-898F9E65CD9F}.Debug|Any CPU.Build.0 = Debug|Any CPU
		{86C4A555-88DF-45E4-8D24-898F9E65CD9F}.Release|Any CPU.ActiveCfg = Release|Any CPU
		{86C4A555-88DF-45E4-8D24-898F9E65CD9F}.Release|Any CPU.Build.0 = Release|Any CPU
		{7C39007D-A83F-4838-BC46-1EE789591775}.Debug|Any CPU.ActiveCfg = Debug|Any CPU
		{7C39007D-A83F-4838-BC46-1EE789591775}.Debug|Any CPU.Build.0 = Debug|Any CPU
		{7C39007D-A83F-4838-BC46-1EE789591775}.Release|Any CPU.ActiveCfg = Release|Any CPU
		{7C39007D-A83F-4838-BC46-1EE789591775}.Release|Any CPU.Build.0 = Release|Any CPU
		{42DE5B48-7F2D-442A-BEB5-39CF21460134}.Debug|Any CPU.ActiveCfg = Debug|Any CPU
		{42DE5B48-7F2D-442A-BEB5-39CF21460134}.Debug|Any CPU.Build.0 = Debug|Any CPU
		{42DE5B48-7F2D-442A-BEB5-39CF21460134}.Release|Any CPU.ActiveCfg = Release|Any CPU
		{42DE5B48-7F2D-442A-BEB5-39CF21460134}.Release|Any CPU.Build.0 = Release|Any CPU
		{8D8CEDF4-BB3E-416D-9563-2A143F9B0476}.Debug|Any CPU.ActiveCfg = Debug|Any CPU
		{8D8CEDF4-BB3E-416D-9563-2A143F9B0476}.Debug|Any CPU.Build.0 = Debug|Any CPU
		{8D8CEDF4-BB3E-416D-9563-2A143F9B0476}.Release|Any CPU.ActiveCfg = Release|Any CPU
		{8D8CEDF4-BB3E-416D-9563-2A143F9B0476}.Release|Any CPU.Build.0 = Release|Any CPU
		{62C93B49-E1AF-4686-9937-28CDE5839563}.Debug|Any CPU.ActiveCfg = Debug|Any CPU
		{62C93B49-E1AF-4686-9937-28CDE5839563}.Debug|Any CPU.Build.0 = Debug|Any CPU
		{62C93B49-E1AF-4686-9937-28CDE5839563}.Release|Any CPU.ActiveCfg = Release|Any CPU
		{62C93B49-E1AF-4686-9937-28CDE5839563}.Release|Any CPU.Build.0 = Release|Any CPU
		{8738C349-49FB-4920-B7A4-F62D2CD8EA34}.Debug|Any CPU.ActiveCfg = Debug|Any CPU
		{8738C349-49FB-4920-B7A4-F62D2CD8EA34}.Debug|Any CPU.Build.0 = Debug|Any CPU
		{8738C349-49FB-4920-B7A4-F62D2CD8EA34}.Release|Any CPU.ActiveCfg = Release|Any CPU
		{8738C349-49FB-4920-B7A4-F62D2CD8EA34}.Release|Any CPU.Build.0 = Release|Any CPU
		{73EC0CF0-A615-4A06-9D4F-73D6D70EDC7E}.Debug|Any CPU.ActiveCfg = Debug|Any CPU
		{73EC0CF0-A615-4A06-9D4F-73D6D70EDC7E}.Debug|Any CPU.Build.0 = Debug|Any CPU
		{73EC0CF0-A615-4A06-9D4F-73D6D70EDC7E}.Release|Any CPU.ActiveCfg = Release|Any CPU
		{73EC0CF0-A615-4A06-9D4F-73D6D70EDC7E}.Release|Any CPU.Build.0 = Release|Any CPU
		{C3231727-7D97-407C-A6E2-E677D6D2B7B0}.Debug|Any CPU.ActiveCfg = Debug|Any CPU
		{C3231727-7D97-407C-A6E2-E677D6D2B7B0}.Debug|Any CPU.Build.0 = Debug|Any CPU
		{C3231727-7D97-407C-A6E2-E677D6D2B7B0}.Release|Any CPU.ActiveCfg = Release|Any CPU
		{C3231727-7D97-407C-A6E2-E677D6D2B7B0}.Release|Any CPU.Build.0 = Release|Any CPU
		{4344A48E-3BE0-4DA0-A4E7-86DFEA034924}.Debug|Any CPU.ActiveCfg = Debug|Any CPU
		{4344A48E-3BE0-4DA0-A4E7-86DFEA034924}.Debug|Any CPU.Build.0 = Debug|Any CPU
		{4344A48E-3BE0-4DA0-A4E7-86DFEA034924}.Release|Any CPU.ActiveCfg = Release|Any CPU
		{4344A48E-3BE0-4DA0-A4E7-86DFEA034924}.Release|Any CPU.Build.0 = Release|Any CPU
		{D424EA52-CC6D-4B07-9F87-B63639E7F656}.Debug|Any CPU.ActiveCfg = Debug|Any CPU
		{D424EA52-CC6D-4B07-9F87-B63639E7F656}.Debug|Any CPU.Build.0 = Debug|Any CPU
		{D424EA52-CC6D-4B07-9F87-B63639E7F656}.Release|Any CPU.ActiveCfg = Release|Any CPU
		{D424EA52-CC6D-4B07-9F87-B63639E7F656}.Release|Any CPU.Build.0 = Release|Any CPU
		{6447F9A6-FBCD-467E-82C6-979EB0DF5FD7}.Debug|Any CPU.ActiveCfg = Debug|Any CPU
		{6447F9A6-FBCD-467E-82C6-979EB0DF5FD7}.Debug|Any CPU.Build.0 = Debug|Any CPU
		{6447F9A6-FBCD-467E-82C6-979EB0DF5FD7}.Release|Any CPU.ActiveCfg = Release|Any CPU
		{6447F9A6-FBCD-467E-82C6-979EB0DF5FD7}.Release|Any CPU.Build.0 = Release|Any CPU
		{5C28B97E-C3D8-4FD1-AB64-59D253CCA732}.Debug|Any CPU.ActiveCfg = Debug|Any CPU
		{5C28B97E-C3D8-4FD1-AB64-59D253CCA732}.Debug|Any CPU.Build.0 = Debug|Any CPU
		{5C28B97E-C3D8-4FD1-AB64-59D253CCA732}.Release|Any CPU.ActiveCfg = Release|Any CPU
		{5C28B97E-C3D8-4FD1-AB64-59D253CCA732}.Release|Any CPU.Build.0 = Release|Any CPU
		{2DE8D1FE-DB7D-4B36-B171-46595E474428}.Debug|Any CPU.ActiveCfg = Debug|Any CPU
		{2DE8D1FE-DB7D-4B36-B171-46595E474428}.Debug|Any CPU.Build.0 = Debug|Any CPU
		{2DE8D1FE-DB7D-4B36-B171-46595E474428}.Release|Any CPU.ActiveCfg = Release|Any CPU
		{2DE8D1FE-DB7D-4B36-B171-46595E474428}.Release|Any CPU.Build.0 = Release|Any CPU
		{50CAE8FB-2B41-4DA9-88CE-246FEA9E77AB}.Debug|Any CPU.ActiveCfg = Debug|Any CPU
		{50CAE8FB-2B41-4DA9-88CE-246FEA9E77AB}.Debug|Any CPU.Build.0 = Debug|Any CPU
		{50CAE8FB-2B41-4DA9-88CE-246FEA9E77AB}.Release|Any CPU.ActiveCfg = Release|Any CPU
		{50CAE8FB-2B41-4DA9-88CE-246FEA9E77AB}.Release|Any CPU.Build.0 = Release|Any CPU
		{FE1D8BF2-4723-4E9C-A8B9-E8790BA2300A}.Debug|Any CPU.ActiveCfg = Debug|Any CPU
		{FE1D8BF2-4723-4E9C-A8B9-E8790BA2300A}.Debug|Any CPU.Build.0 = Debug|Any CPU
		{FE1D8BF2-4723-4E9C-A8B9-E8790BA2300A}.Release|Any CPU.ActiveCfg = Release|Any CPU
		{FE1D8BF2-4723-4E9C-A8B9-E8790BA2300A}.Release|Any CPU.Build.0 = Release|Any CPU
		{0D317E30-C389-40C6-A78E-562D9ABFDC21}.Debug|Any CPU.ActiveCfg = Debug|Any CPU
		{0D317E30-C389-40C6-A78E-562D9ABFDC21}.Debug|Any CPU.Build.0 = Debug|Any CPU
		{0D317E30-C389-40C6-A78E-562D9ABFDC21}.Release|Any CPU.ActiveCfg = Release|Any CPU
		{0D317E30-C389-40C6-A78E-562D9ABFDC21}.Release|Any CPU.Build.0 = Release|Any CPU
		{59A0ED18-F2FF-4EA5-8EAD-8C624D54E30F}.Debug|Any CPU.ActiveCfg = Debug|Any CPU
		{59A0ED18-F2FF-4EA5-8EAD-8C624D54E30F}.Debug|Any CPU.Build.0 = Debug|Any CPU
		{59A0ED18-F2FF-4EA5-8EAD-8C624D54E30F}.Release|Any CPU.ActiveCfg = Release|Any CPU
		{59A0ED18-F2FF-4EA5-8EAD-8C624D54E30F}.Release|Any CPU.Build.0 = Release|Any CPU
		{E5B16C3E-B43A-489A-8301-7C2D07F7E8AD}.Debug|Any CPU.ActiveCfg = Debug|Any CPU
		{E5B16C3E-B43A-489A-8301-7C2D07F7E8AD}.Debug|Any CPU.Build.0 = Debug|Any CPU
		{E5B16C3E-B43A-489A-8301-7C2D07F7E8AD}.Release|Any CPU.ActiveCfg = Release|Any CPU
		{E5B16C3E-B43A-489A-8301-7C2D07F7E8AD}.Release|Any CPU.Build.0 = Release|Any CPU
		{34CD51C0-5F19-4A95-BEAA-D5E0C7163F52}.Debug|Any CPU.ActiveCfg = Debug|Any CPU
		{34CD51C0-5F19-4A95-BEAA-D5E0C7163F52}.Debug|Any CPU.Build.0 = Debug|Any CPU
		{34CD51C0-5F19-4A95-BEAA-D5E0C7163F52}.Release|Any CPU.ActiveCfg = Release|Any CPU
		{34CD51C0-5F19-4A95-BEAA-D5E0C7163F52}.Release|Any CPU.Build.0 = Release|Any CPU
		{A84A2E01-C0E9-4B45-8B3C-B2EFB80C0167}.Debug|Any CPU.ActiveCfg = Debug|Any CPU
		{A84A2E01-C0E9-4B45-8B3C-B2EFB80C0167}.Debug|Any CPU.Build.0 = Debug|Any CPU
		{A84A2E01-C0E9-4B45-8B3C-B2EFB80C0167}.Release|Any CPU.ActiveCfg = Release|Any CPU
		{A84A2E01-C0E9-4B45-8B3C-B2EFB80C0167}.Release|Any CPU.Build.0 = Release|Any CPU
		{BA1263E8-A621-4A51-ADF5-A263B0931427}.Debug|Any CPU.ActiveCfg = Debug|Any CPU
		{BA1263E8-A621-4A51-ADF5-A263B0931427}.Debug|Any CPU.Build.0 = Debug|Any CPU
		{BA1263E8-A621-4A51-ADF5-A263B0931427}.Release|Any CPU.ActiveCfg = Release|Any CPU
		{BA1263E8-A621-4A51-ADF5-A263B0931427}.Release|Any CPU.Build.0 = Release|Any CPU
		{FE2F01D5-3605-4C87-B461-38DADA2985F5}.Debug|Any CPU.ActiveCfg = Debug|Any CPU
		{FE2F01D5-3605-4C87-B461-38DADA2985F5}.Debug|Any CPU.Build.0 = Debug|Any CPU
		{FE2F01D5-3605-4C87-B461-38DADA2985F5}.Release|Any CPU.ActiveCfg = Release|Any CPU
		{FE2F01D5-3605-4C87-B461-38DADA2985F5}.Release|Any CPU.Build.0 = Release|Any CPU
		{EF4F8DB2-24FF-433C-94BA-FAC4071C81F1}.Debug|Any CPU.ActiveCfg = Debug|Any CPU
		{EF4F8DB2-24FF-433C-94BA-FAC4071C81F1}.Debug|Any CPU.Build.0 = Debug|Any CPU
		{EF4F8DB2-24FF-433C-94BA-FAC4071C81F1}.Release|Any CPU.ActiveCfg = Release|Any CPU
		{EF4F8DB2-24FF-433C-94BA-FAC4071C81F1}.Release|Any CPU.Build.0 = Release|Any CPU
		{5FD9729D-7D06-4C51-923F-43E413865618}.Debug|Any CPU.ActiveCfg = Debug|Any CPU
		{5FD9729D-7D06-4C51-923F-43E413865618}.Debug|Any CPU.Build.0 = Debug|Any CPU
		{5FD9729D-7D06-4C51-923F-43E413865618}.Release|Any CPU.ActiveCfg = Release|Any CPU
		{5FD9729D-7D06-4C51-923F-43E413865618}.Release|Any CPU.Build.0 = Release|Any CPU
		{9BE4A59B-E4E8-40D9-A974-E2751D5C5C67}.Debug|Any CPU.ActiveCfg = Debug|Any CPU
		{9BE4A59B-E4E8-40D9-A974-E2751D5C5C67}.Debug|Any CPU.Build.0 = Debug|Any CPU
		{9BE4A59B-E4E8-40D9-A974-E2751D5C5C67}.Release|Any CPU.ActiveCfg = Release|Any CPU
		{9BE4A59B-E4E8-40D9-A974-E2751D5C5C67}.Release|Any CPU.Build.0 = Release|Any CPU
		{5C6C2E7C-F4D3-4307-B54F-9B00EC82827B}.Debug|Any CPU.ActiveCfg = Debug|Any CPU
		{5C6C2E7C-F4D3-4307-B54F-9B00EC82827B}.Debug|Any CPU.Build.0 = Debug|Any CPU
		{5C6C2E7C-F4D3-4307-B54F-9B00EC82827B}.Release|Any CPU.ActiveCfg = Release|Any CPU
		{5C6C2E7C-F4D3-4307-B54F-9B00EC82827B}.Release|Any CPU.Build.0 = Release|Any CPU
		{0B2A3D48-65C4-4D35-9D48-154CB60B4B25}.Debug|Any CPU.ActiveCfg = Debug|Any CPU
		{0B2A3D48-65C4-4D35-9D48-154CB60B4B25}.Debug|Any CPU.Build.0 = Debug|Any CPU
		{0B2A3D48-65C4-4D35-9D48-154CB60B4B25}.Release|Any CPU.ActiveCfg = Release|Any CPU
		{0B2A3D48-65C4-4D35-9D48-154CB60B4B25}.Release|Any CPU.Build.0 = Release|Any CPU
		{C5682235-40E2-42DB-9F38-9BBB006356E2}.Debug|Any CPU.ActiveCfg = Debug|Any CPU
		{C5682235-40E2-42DB-9F38-9BBB006356E2}.Debug|Any CPU.Build.0 = Debug|Any CPU
		{C5682235-40E2-42DB-9F38-9BBB006356E2}.Release|Any CPU.ActiveCfg = Release|Any CPU
		{C5682235-40E2-42DB-9F38-9BBB006356E2}.Release|Any CPU.Build.0 = Release|Any CPU
		{8B031958-DEAA-4C9B-8F3D-3DCE19C6A883}.Debug|Any CPU.ActiveCfg = Debug|Any CPU
		{8B031958-DEAA-4C9B-8F3D-3DCE19C6A883}.Debug|Any CPU.Build.0 = Debug|Any CPU
		{8B031958-DEAA-4C9B-8F3D-3DCE19C6A883}.Release|Any CPU.ActiveCfg = Release|Any CPU
		{8B031958-DEAA-4C9B-8F3D-3DCE19C6A883}.Release|Any CPU.Build.0 = Release|Any CPU
		{C1FCA07C-132B-4D7A-BDB7-1766502899E9}.Debug|Any CPU.ActiveCfg = Debug|Any CPU
		{C1FCA07C-132B-4D7A-BDB7-1766502899E9}.Debug|Any CPU.Build.0 = Debug|Any CPU
		{C1FCA07C-132B-4D7A-BDB7-1766502899E9}.Release|Any CPU.ActiveCfg = Release|Any CPU
		{C1FCA07C-132B-4D7A-BDB7-1766502899E9}.Release|Any CPU.Build.0 = Release|Any CPU
		{74502A89-6A02-4AD1-9296-868D598E2F3B}.Debug|Any CPU.ActiveCfg = Debug|Any CPU
		{74502A89-6A02-4AD1-9296-868D598E2F3B}.Debug|Any CPU.Build.0 = Debug|Any CPU
		{74502A89-6A02-4AD1-9296-868D598E2F3B}.Release|Any CPU.ActiveCfg = Release|Any CPU
		{74502A89-6A02-4AD1-9296-868D598E2F3B}.Release|Any CPU.Build.0 = Release|Any CPU
		{B610ADDB-3037-4528-BA00-FF55FB4BBA75}.Debug|Any CPU.ActiveCfg = Debug|Any CPU
		{B610ADDB-3037-4528-BA00-FF55FB4BBA75}.Debug|Any CPU.Build.0 = Debug|Any CPU
		{B610ADDB-3037-4528-BA00-FF55FB4BBA75}.Release|Any CPU.ActiveCfg = Release|Any CPU
		{B610ADDB-3037-4528-BA00-FF55FB4BBA75}.Release|Any CPU.Build.0 = Release|Any CPU
		{465E4001-05C8-49CC-A2F4-C67FA172BA6B}.Debug|Any CPU.ActiveCfg = Debug|Any CPU
		{465E4001-05C8-49CC-A2F4-C67FA172BA6B}.Debug|Any CPU.Build.0 = Debug|Any CPU
		{465E4001-05C8-49CC-A2F4-C67FA172BA6B}.Release|Any CPU.ActiveCfg = Release|Any CPU
		{465E4001-05C8-49CC-A2F4-C67FA172BA6B}.Release|Any CPU.Build.0 = Release|Any CPU
		{0C3CF3D2-B26F-4D83-A3A7-06904AE31E65}.Debug|Any CPU.ActiveCfg = Debug|Any CPU
		{0C3CF3D2-B26F-4D83-A3A7-06904AE31E65}.Debug|Any CPU.Build.0 = Debug|Any CPU
		{0C3CF3D2-B26F-4D83-A3A7-06904AE31E65}.Release|Any CPU.ActiveCfg = Release|Any CPU
		{0C3CF3D2-B26F-4D83-A3A7-06904AE31E65}.Release|Any CPU.Build.0 = Release|Any CPU
		{08543784-0AED-4A49-9B95-FA79ABB8AB28}.Debug|Any CPU.ActiveCfg = Debug|Any CPU
		{08543784-0AED-4A49-9B95-FA79ABB8AB28}.Debug|Any CPU.Build.0 = Debug|Any CPU
		{08543784-0AED-4A49-9B95-FA79ABB8AB28}.Release|Any CPU.ActiveCfg = Release|Any CPU
		{08543784-0AED-4A49-9B95-FA79ABB8AB28}.Release|Any CPU.Build.0 = Release|Any CPU
		{A8DA7F07-1BA6-4057-9B14-D2EBA2FEC7AC}.Debug|Any CPU.ActiveCfg = Debug|Any CPU
		{A8DA7F07-1BA6-4057-9B14-D2EBA2FEC7AC}.Debug|Any CPU.Build.0 = Debug|Any CPU
		{A8DA7F07-1BA6-4057-9B14-D2EBA2FEC7AC}.Release|Any CPU.ActiveCfg = Release|Any CPU
		{A8DA7F07-1BA6-4057-9B14-D2EBA2FEC7AC}.Release|Any CPU.Build.0 = Release|Any CPU
		{E3180BB2-C804-4EA2-BA26-52367D6E98C0}.Debug|Any CPU.ActiveCfg = Debug|Any CPU
		{E3180BB2-C804-4EA2-BA26-52367D6E98C0}.Debug|Any CPU.Build.0 = Debug|Any CPU
		{E3180BB2-C804-4EA2-BA26-52367D6E98C0}.Release|Any CPU.ActiveCfg = Release|Any CPU
		{E3180BB2-C804-4EA2-BA26-52367D6E98C0}.Release|Any CPU.Build.0 = Release|Any CPU
		{E1F20779-3A81-4B2E-8940-E14DB322EA38}.Debug|Any CPU.ActiveCfg = Debug|Any CPU
		{E1F20779-3A81-4B2E-8940-E14DB322EA38}.Debug|Any CPU.Build.0 = Debug|Any CPU
		{E1F20779-3A81-4B2E-8940-E14DB322EA38}.Release|Any CPU.ActiveCfg = Release|Any CPU
		{E1F20779-3A81-4B2E-8940-E14DB322EA38}.Release|Any CPU.Build.0 = Release|Any CPU
		{037BB52C-7A31-4181-B4CC-8FBD0587609D}.Debug|Any CPU.ActiveCfg = Debug|Any CPU
		{037BB52C-7A31-4181-B4CC-8FBD0587609D}.Debug|Any CPU.Build.0 = Debug|Any CPU
		{037BB52C-7A31-4181-B4CC-8FBD0587609D}.Release|Any CPU.ActiveCfg = Release|Any CPU
		{037BB52C-7A31-4181-B4CC-8FBD0587609D}.Release|Any CPU.Build.0 = Release|Any CPU
		{9A0FEB96-D457-4C71-9350-E5C1260712AA}.Debug|Any CPU.ActiveCfg = Debug|Any CPU
		{9A0FEB96-D457-4C71-9350-E5C1260712AA}.Debug|Any CPU.Build.0 = Debug|Any CPU
		{9A0FEB96-D457-4C71-9350-E5C1260712AA}.Release|Any CPU.ActiveCfg = Release|Any CPU
		{9A0FEB96-D457-4C71-9350-E5C1260712AA}.Release|Any CPU.Build.0 = Release|Any CPU
		{27C16BC7-BCC2-4CC3-807A-73562CD846AA}.Debug|Any CPU.ActiveCfg = Debug|Any CPU
		{27C16BC7-BCC2-4CC3-807A-73562CD846AA}.Debug|Any CPU.Build.0 = Debug|Any CPU
		{27C16BC7-BCC2-4CC3-807A-73562CD846AA}.Release|Any CPU.ActiveCfg = Release|Any CPU
		{27C16BC7-BCC2-4CC3-807A-73562CD846AA}.Release|Any CPU.Build.0 = Release|Any CPU
		{06C108A3-E019-4F29-A1F2-9DA82ED62D64}.Debug|Any CPU.ActiveCfg = Debug|Any CPU
		{06C108A3-E019-4F29-A1F2-9DA82ED62D64}.Debug|Any CPU.Build.0 = Debug|Any CPU
		{06C108A3-E019-4F29-A1F2-9DA82ED62D64}.Release|Any CPU.ActiveCfg = Release|Any CPU
		{06C108A3-E019-4F29-A1F2-9DA82ED62D64}.Release|Any CPU.Build.0 = Release|Any CPU
		{544994E9-0888-4EE6-B414-968503E059D6}.Debug|Any CPU.ActiveCfg = Debug|Any CPU
		{544994E9-0888-4EE6-B414-968503E059D6}.Debug|Any CPU.Build.0 = Debug|Any CPU
		{544994E9-0888-4EE6-B414-968503E059D6}.Release|Any CPU.ActiveCfg = Release|Any CPU
		{544994E9-0888-4EE6-B414-968503E059D6}.Release|Any CPU.Build.0 = Release|Any CPU
		{F2C8D876-13BC-4D82-898B-59085384C081}.Debug|Any CPU.ActiveCfg = Debug|Any CPU
		{F2C8D876-13BC-4D82-898B-59085384C081}.Debug|Any CPU.Build.0 = Debug|Any CPU
		{F2C8D876-13BC-4D82-898B-59085384C081}.Release|Any CPU.ActiveCfg = Release|Any CPU
		{F2C8D876-13BC-4D82-898B-59085384C081}.Release|Any CPU.Build.0 = Release|Any CPU
		{78921AD1-3E1F-48C0-980E-9E2DC8522BB9}.Debug|Any CPU.ActiveCfg = Debug|Any CPU
		{78921AD1-3E1F-48C0-980E-9E2DC8522BB9}.Debug|Any CPU.Build.0 = Debug|Any CPU
		{78921AD1-3E1F-48C0-980E-9E2DC8522BB9}.Release|Any CPU.ActiveCfg = Release|Any CPU
		{78921AD1-3E1F-48C0-980E-9E2DC8522BB9}.Release|Any CPU.Build.0 = Release|Any CPU
		{E01162F3-BDAC-4EB4-9996-3075FCEE923A}.Debug|Any CPU.ActiveCfg = Debug|Any CPU
		{E01162F3-BDAC-4EB4-9996-3075FCEE923A}.Debug|Any CPU.Build.0 = Debug|Any CPU
		{E01162F3-BDAC-4EB4-9996-3075FCEE923A}.Release|Any CPU.ActiveCfg = Release|Any CPU
		{E01162F3-BDAC-4EB4-9996-3075FCEE923A}.Release|Any CPU.Build.0 = Release|Any CPU
		{11404881-68C1-4AC7-BBFF-4D2D70938210}.Debug|Any CPU.ActiveCfg = Debug|Any CPU
		{11404881-68C1-4AC7-BBFF-4D2D70938210}.Debug|Any CPU.Build.0 = Debug|Any CPU
		{11404881-68C1-4AC7-BBFF-4D2D70938210}.Release|Any CPU.ActiveCfg = Release|Any CPU
		{11404881-68C1-4AC7-BBFF-4D2D70938210}.Release|Any CPU.Build.0 = Release|Any CPU
		{9DCD3FDE-9F59-4E35-AADE-7856E7FA1969}.Debug|Any CPU.ActiveCfg = Debug|Any CPU
		{9DCD3FDE-9F59-4E35-AADE-7856E7FA1969}.Debug|Any CPU.Build.0 = Debug|Any CPU
		{9DCD3FDE-9F59-4E35-AADE-7856E7FA1969}.Release|Any CPU.ActiveCfg = Release|Any CPU
		{9DCD3FDE-9F59-4E35-AADE-7856E7FA1969}.Release|Any CPU.Build.0 = Release|Any CPU
		{46F70B94-F955-4D6D-AE80-BD0B273572B9}.Debug|Any CPU.ActiveCfg = Debug|Any CPU
		{46F70B94-F955-4D6D-AE80-BD0B273572B9}.Debug|Any CPU.Build.0 = Debug|Any CPU
		{46F70B94-F955-4D6D-AE80-BD0B273572B9}.Release|Any CPU.ActiveCfg = Release|Any CPU
		{46F70B94-F955-4D6D-AE80-BD0B273572B9}.Release|Any CPU.Build.0 = Release|Any CPU
		{39C5623D-AEA2-49D1-AD43-22BFF1F456CE}.Debug|Any CPU.ActiveCfg = Debug|Any CPU
		{39C5623D-AEA2-49D1-AD43-22BFF1F456CE}.Debug|Any CPU.Build.0 = Debug|Any CPU
		{39C5623D-AEA2-49D1-AD43-22BFF1F456CE}.Release|Any CPU.ActiveCfg = Release|Any CPU
		{39C5623D-AEA2-49D1-AD43-22BFF1F456CE}.Release|Any CPU.Build.0 = Release|Any CPU
		{7740D512-FC53-4C43-B75E-1DFBE92F253A}.Debug|Any CPU.ActiveCfg = Debug|Any CPU
		{7740D512-FC53-4C43-B75E-1DFBE92F253A}.Debug|Any CPU.Build.0 = Debug|Any CPU
		{7740D512-FC53-4C43-B75E-1DFBE92F253A}.Release|Any CPU.ActiveCfg = Release|Any CPU
		{7740D512-FC53-4C43-B75E-1DFBE92F253A}.Release|Any CPU.Build.0 = Release|Any CPU
		{C21A6578-E474-4DDA-9C0F-2D982A2DED59}.Debug|Any CPU.ActiveCfg = Debug|Any CPU
		{C21A6578-E474-4DDA-9C0F-2D982A2DED59}.Debug|Any CPU.Build.0 = Debug|Any CPU
		{C21A6578-E474-4DDA-9C0F-2D982A2DED59}.Release|Any CPU.ActiveCfg = Release|Any CPU
		{C21A6578-E474-4DDA-9C0F-2D982A2DED59}.Release|Any CPU.Build.0 = Release|Any CPU
		{BB2CCF0E-CC8D-4B3A-B638-BAB65AC641EB}.Debug|Any CPU.ActiveCfg = Debug|Any CPU
		{BB2CCF0E-CC8D-4B3A-B638-BAB65AC641EB}.Debug|Any CPU.Build.0 = Debug|Any CPU
		{BB2CCF0E-CC8D-4B3A-B638-BAB65AC641EB}.Release|Any CPU.ActiveCfg = Release|Any CPU
		{BB2CCF0E-CC8D-4B3A-B638-BAB65AC641EB}.Release|Any CPU.Build.0 = Release|Any CPU
		{FEA7C638-2AD3-4CEE-895F-7C788437CDFC}.Debug|Any CPU.ActiveCfg = Debug|Any CPU
		{FEA7C638-2AD3-4CEE-895F-7C788437CDFC}.Debug|Any CPU.Build.0 = Debug|Any CPU
		{FEA7C638-2AD3-4CEE-895F-7C788437CDFC}.Release|Any CPU.ActiveCfg = Release|Any CPU
		{FEA7C638-2AD3-4CEE-895F-7C788437CDFC}.Release|Any CPU.Build.0 = Release|Any CPU
		{55698457-5A98-400B-97F2-3520A0E00675}.Debug|Any CPU.ActiveCfg = Debug|Any CPU
		{55698457-5A98-400B-97F2-3520A0E00675}.Debug|Any CPU.Build.0 = Debug|Any CPU
		{55698457-5A98-400B-97F2-3520A0E00675}.Release|Any CPU.ActiveCfg = Release|Any CPU
		{55698457-5A98-400B-97F2-3520A0E00675}.Release|Any CPU.Build.0 = Release|Any CPU
		{6225CE6A-05D5-47C1-B369-8B07FF0C1BC6}.Debug|Any CPU.ActiveCfg = Debug|Any CPU
		{6225CE6A-05D5-47C1-B369-8B07FF0C1BC6}.Debug|Any CPU.Build.0 = Debug|Any CPU
		{6225CE6A-05D5-47C1-B369-8B07FF0C1BC6}.Release|Any CPU.ActiveCfg = Release|Any CPU
		{6225CE6A-05D5-47C1-B369-8B07FF0C1BC6}.Release|Any CPU.Build.0 = Release|Any CPU
		{DB29ADA1-D097-445D-B610-44F1954C4F9B}.Debug|Any CPU.ActiveCfg = Debug|Any CPU
		{DB29ADA1-D097-445D-B610-44F1954C4F9B}.Debug|Any CPU.Build.0 = Debug|Any CPU
		{DB29ADA1-D097-445D-B610-44F1954C4F9B}.Release|Any CPU.ActiveCfg = Release|Any CPU
		{DB29ADA1-D097-445D-B610-44F1954C4F9B}.Release|Any CPU.Build.0 = Release|Any CPU
		{4FCC1872-BF5E-4A54-BDFC-2335DC6BA8C7}.Debug|Any CPU.ActiveCfg = Debug|Any CPU
		{4FCC1872-BF5E-4A54-BDFC-2335DC6BA8C7}.Debug|Any CPU.Build.0 = Debug|Any CPU
		{4FCC1872-BF5E-4A54-BDFC-2335DC6BA8C7}.Release|Any CPU.ActiveCfg = Release|Any CPU
		{4FCC1872-BF5E-4A54-BDFC-2335DC6BA8C7}.Release|Any CPU.Build.0 = Release|Any CPU
		{7A98495A-839B-457A-A4E9-715970FA2C3F}.Debug|Any CPU.ActiveCfg = Debug|Any CPU
		{7A98495A-839B-457A-A4E9-715970FA2C3F}.Debug|Any CPU.Build.0 = Debug|Any CPU
		{7A98495A-839B-457A-A4E9-715970FA2C3F}.Release|Any CPU.ActiveCfg = Release|Any CPU
		{7A98495A-839B-457A-A4E9-715970FA2C3F}.Release|Any CPU.Build.0 = Release|Any CPU
		{DA55E051-316A-4469-930A-F023A0A27710}.Debug|Any CPU.ActiveCfg = Debug|Any CPU
		{DA55E051-316A-4469-930A-F023A0A27710}.Debug|Any CPU.Build.0 = Debug|Any CPU
		{DA55E051-316A-4469-930A-F023A0A27710}.Release|Any CPU.ActiveCfg = Release|Any CPU
		{DA55E051-316A-4469-930A-F023A0A27710}.Release|Any CPU.Build.0 = Release|Any CPU
		{0732F0BF-7758-44DD-B474-034D41458965}.Debug|Any CPU.ActiveCfg = Debug|Any CPU
		{0732F0BF-7758-44DD-B474-034D41458965}.Debug|Any CPU.Build.0 = Debug|Any CPU
		{0732F0BF-7758-44DD-B474-034D41458965}.Release|Any CPU.ActiveCfg = Release|Any CPU
		{0732F0BF-7758-44DD-B474-034D41458965}.Release|Any CPU.Build.0 = Release|Any CPU
		{F654861A-3981-4908-9F9E-7283594E2792}.Debug|Any CPU.ActiveCfg = Debug|Any CPU
		{F654861A-3981-4908-9F9E-7283594E2792}.Debug|Any CPU.Build.0 = Debug|Any CPU
		{F654861A-3981-4908-9F9E-7283594E2792}.Release|Any CPU.ActiveCfg = Release|Any CPU
		{F654861A-3981-4908-9F9E-7283594E2792}.Release|Any CPU.Build.0 = Release|Any CPU
		{B6219385-005F-4F46-8076-F01A4286A706}.Debug|Any CPU.ActiveCfg = Debug|Any CPU
		{B6219385-005F-4F46-8076-F01A4286A706}.Debug|Any CPU.Build.0 = Debug|Any CPU
		{B6219385-005F-4F46-8076-F01A4286A706}.Release|Any CPU.ActiveCfg = Release|Any CPU
		{B6219385-005F-4F46-8076-F01A4286A706}.Release|Any CPU.Build.0 = Release|Any CPU
		{F6DB2447-7E47-43D1-8BE2-0909E4E00050}.Debug|Any CPU.ActiveCfg = Debug|Any CPU
		{F6DB2447-7E47-43D1-8BE2-0909E4E00050}.Debug|Any CPU.Build.0 = Debug|Any CPU
		{F6DB2447-7E47-43D1-8BE2-0909E4E00050}.Release|Any CPU.ActiveCfg = Release|Any CPU
		{F6DB2447-7E47-43D1-8BE2-0909E4E00050}.Release|Any CPU.Build.0 = Release|Any CPU
		{F9535058-0019-4D87-B511-152615DEAB4E}.Debug|Any CPU.ActiveCfg = Debug|Any CPU
		{F9535058-0019-4D87-B511-152615DEAB4E}.Debug|Any CPU.Build.0 = Debug|Any CPU
		{F9535058-0019-4D87-B511-152615DEAB4E}.Release|Any CPU.ActiveCfg = Release|Any CPU
		{F9535058-0019-4D87-B511-152615DEAB4E}.Release|Any CPU.Build.0 = Release|Any CPU
		{8F8753C2-DA85-44AB-BA29-37D68EE39150}.Debug|Any CPU.ActiveCfg = Debug|Any CPU
		{8F8753C2-DA85-44AB-BA29-37D68EE39150}.Debug|Any CPU.Build.0 = Debug|Any CPU
		{8F8753C2-DA85-44AB-BA29-37D68EE39150}.Release|Any CPU.ActiveCfg = Release|Any CPU
		{8F8753C2-DA85-44AB-BA29-37D68EE39150}.Release|Any CPU.Build.0 = Release|Any CPU
		{93FC4371-C3F7-4AF5-9991-0C9E5BF64CD9}.Debug|Any CPU.ActiveCfg = Debug|Any CPU
		{93FC4371-C3F7-4AF5-9991-0C9E5BF64CD9}.Debug|Any CPU.Build.0 = Debug|Any CPU
		{93FC4371-C3F7-4AF5-9991-0C9E5BF64CD9}.Release|Any CPU.ActiveCfg = Release|Any CPU
		{93FC4371-C3F7-4AF5-9991-0C9E5BF64CD9}.Release|Any CPU.Build.0 = Release|Any CPU
		{2A0AA8D4-A0F2-4174-B2D4-3922B0D3405F}.Debug|Any CPU.ActiveCfg = Debug|Any CPU
		{2A0AA8D4-A0F2-4174-B2D4-3922B0D3405F}.Debug|Any CPU.Build.0 = Debug|Any CPU
		{2A0AA8D4-A0F2-4174-B2D4-3922B0D3405F}.Release|Any CPU.ActiveCfg = Release|Any CPU
		{2A0AA8D4-A0F2-4174-B2D4-3922B0D3405F}.Release|Any CPU.Build.0 = Release|Any CPU
		{5FCA78EF-DD67-4EFF-B8FD-BBD481529864}.Debug|Any CPU.ActiveCfg = Debug|Any CPU
		{5FCA78EF-DD67-4EFF-B8FD-BBD481529864}.Debug|Any CPU.Build.0 = Debug|Any CPU
		{5FCA78EF-DD67-4EFF-B8FD-BBD481529864}.Release|Any CPU.ActiveCfg = Release|Any CPU
		{5FCA78EF-DD67-4EFF-B8FD-BBD481529864}.Release|Any CPU.Build.0 = Release|Any CPU
		{372CC617-37C0-4E88-BEFC-6FE5BC33CAD6}.Debug|Any CPU.ActiveCfg = Debug|Any CPU
		{372CC617-37C0-4E88-BEFC-6FE5BC33CAD6}.Debug|Any CPU.Build.0 = Debug|Any CPU
		{372CC617-37C0-4E88-BEFC-6FE5BC33CAD6}.Release|Any CPU.ActiveCfg = Release|Any CPU
		{372CC617-37C0-4E88-BEFC-6FE5BC33CAD6}.Release|Any CPU.Build.0 = Release|Any CPU
		{CFF9A0E6-FB91-44F7-9922-BB56885E0692}.Debug|Any CPU.ActiveCfg = Debug|Any CPU
		{CFF9A0E6-FB91-44F7-9922-BB56885E0692}.Debug|Any CPU.Build.0 = Debug|Any CPU
		{CFF9A0E6-FB91-44F7-9922-BB56885E0692}.Release|Any CPU.ActiveCfg = Release|Any CPU
		{CFF9A0E6-FB91-44F7-9922-BB56885E0692}.Release|Any CPU.Build.0 = Release|Any CPU
		{F89EBDEE-BB22-41DF-A75D-90353601A20A}.Debug|Any CPU.ActiveCfg = Debug|Any CPU
		{F89EBDEE-BB22-41DF-A75D-90353601A20A}.Debug|Any CPU.Build.0 = Debug|Any CPU
		{F89EBDEE-BB22-41DF-A75D-90353601A20A}.Release|Any CPU.ActiveCfg = Release|Any CPU
		{F89EBDEE-BB22-41DF-A75D-90353601A20A}.Release|Any CPU.Build.0 = Release|Any CPU
		{27831F06-B5F8-4B5D-A2A0-B68B29F66692}.Debug|Any CPU.ActiveCfg = Debug|Any CPU
		{27831F06-B5F8-4B5D-A2A0-B68B29F66692}.Debug|Any CPU.Build.0 = Debug|Any CPU
		{27831F06-B5F8-4B5D-A2A0-B68B29F66692}.Release|Any CPU.ActiveCfg = Release|Any CPU
		{27831F06-B5F8-4B5D-A2A0-B68B29F66692}.Release|Any CPU.Build.0 = Release|Any CPU
		{2726427D-37E1-4B15-851D-57F9DDDF6323}.Debug|Any CPU.ActiveCfg = Debug|Any CPU
		{2726427D-37E1-4B15-851D-57F9DDDF6323}.Debug|Any CPU.Build.0 = Debug|Any CPU
		{2726427D-37E1-4B15-851D-57F9DDDF6323}.Release|Any CPU.ActiveCfg = Release|Any CPU
		{2726427D-37E1-4B15-851D-57F9DDDF6323}.Release|Any CPU.Build.0 = Release|Any CPU
		{7C9BF8C7-3DE7-460B-A93D-89F1CE7CAF4A}.Debug|Any CPU.ActiveCfg = Debug|Any CPU
		{7C9BF8C7-3DE7-460B-A93D-89F1CE7CAF4A}.Debug|Any CPU.Build.0 = Debug|Any CPU
		{7C9BF8C7-3DE7-460B-A93D-89F1CE7CAF4A}.Release|Any CPU.ActiveCfg = Release|Any CPU
		{7C9BF8C7-3DE7-460B-A93D-89F1CE7CAF4A}.Release|Any CPU.Build.0 = Release|Any CPU
		{7736C99D-51AE-4C4E-80AB-3068E9489F8A}.Debug|Any CPU.ActiveCfg = Debug|Any CPU
		{7736C99D-51AE-4C4E-80AB-3068E9489F8A}.Debug|Any CPU.Build.0 = Debug|Any CPU
		{7736C99D-51AE-4C4E-80AB-3068E9489F8A}.Release|Any CPU.ActiveCfg = Release|Any CPU
		{7736C99D-51AE-4C4E-80AB-3068E9489F8A}.Release|Any CPU.Build.0 = Release|Any CPU
		{4362F4C7-A7C9-4E16-86C6-68CDCFECE082}.Debug|Any CPU.ActiveCfg = Debug|Any CPU
		{4362F4C7-A7C9-4E16-86C6-68CDCFECE082}.Debug|Any CPU.Build.0 = Debug|Any CPU
		{4362F4C7-A7C9-4E16-86C6-68CDCFECE082}.Release|Any CPU.ActiveCfg = Release|Any CPU
		{4362F4C7-A7C9-4E16-86C6-68CDCFECE082}.Release|Any CPU.Build.0 = Release|Any CPU
		{A2BA93D1-BD88-45DA-8E01-0832D26D6498}.Debug|Any CPU.ActiveCfg = Debug|Any CPU
		{A2BA93D1-BD88-45DA-8E01-0832D26D6498}.Debug|Any CPU.Build.0 = Debug|Any CPU
		{A2BA93D1-BD88-45DA-8E01-0832D26D6498}.Release|Any CPU.ActiveCfg = Release|Any CPU
		{A2BA93D1-BD88-45DA-8E01-0832D26D6498}.Release|Any CPU.Build.0 = Release|Any CPU
		{8AD41EB4-9C80-4D2D-A43C-790350E624DD}.Debug|Any CPU.ActiveCfg = Debug|Any CPU
		{8AD41EB4-9C80-4D2D-A43C-790350E624DD}.Debug|Any CPU.Build.0 = Debug|Any CPU
		{8AD41EB4-9C80-4D2D-A43C-790350E624DD}.Release|Any CPU.ActiveCfg = Release|Any CPU
		{8AD41EB4-9C80-4D2D-A43C-790350E624DD}.Release|Any CPU.Build.0 = Release|Any CPU
		{93F1C25F-EEB1-4461-96EB-BC0F39FC52BF}.Debug|Any CPU.ActiveCfg = Debug|Any CPU
		{93F1C25F-EEB1-4461-96EB-BC0F39FC52BF}.Debug|Any CPU.Build.0 = Debug|Any CPU
		{93F1C25F-EEB1-4461-96EB-BC0F39FC52BF}.Release|Any CPU.ActiveCfg = Release|Any CPU
		{93F1C25F-EEB1-4461-96EB-BC0F39FC52BF}.Release|Any CPU.Build.0 = Release|Any CPU
		{E52F3AF4-6E07-4F82-B3A1-71459C530F37}.Debug|Any CPU.ActiveCfg = Debug|Any CPU
		{E52F3AF4-6E07-4F82-B3A1-71459C530F37}.Debug|Any CPU.Build.0 = Debug|Any CPU
		{E52F3AF4-6E07-4F82-B3A1-71459C530F37}.Release|Any CPU.ActiveCfg = Release|Any CPU
		{E52F3AF4-6E07-4F82-B3A1-71459C530F37}.Release|Any CPU.Build.0 = Release|Any CPU
		{5568BC5C-6CF1-436A-A54E-C939A9D183D0}.Debug|Any CPU.ActiveCfg = Debug|Any CPU
		{5568BC5C-6CF1-436A-A54E-C939A9D183D0}.Debug|Any CPU.Build.0 = Debug|Any CPU
		{5568BC5C-6CF1-436A-A54E-C939A9D183D0}.Release|Any CPU.ActiveCfg = Release|Any CPU
		{5568BC5C-6CF1-436A-A54E-C939A9D183D0}.Release|Any CPU.Build.0 = Release|Any CPU
		{632F0FF2-92C8-4132-98AB-CFDFC86E6C03}.Debug|Any CPU.ActiveCfg = Debug|Any CPU
		{632F0FF2-92C8-4132-98AB-CFDFC86E6C03}.Debug|Any CPU.Build.0 = Debug|Any CPU
		{632F0FF2-92C8-4132-98AB-CFDFC86E6C03}.Release|Any CPU.ActiveCfg = Release|Any CPU
		{632F0FF2-92C8-4132-98AB-CFDFC86E6C03}.Release|Any CPU.Build.0 = Release|Any CPU
		{3942F5CE-15D1-4BB2-994C-9C5321712C90}.Debug|Any CPU.ActiveCfg = Debug|Any CPU
		{3942F5CE-15D1-4BB2-994C-9C5321712C90}.Debug|Any CPU.Build.0 = Debug|Any CPU
		{3942F5CE-15D1-4BB2-994C-9C5321712C90}.Release|Any CPU.ActiveCfg = Release|Any CPU
		{3942F5CE-15D1-4BB2-994C-9C5321712C90}.Release|Any CPU.Build.0 = Release|Any CPU
		{6E2AC88C-1FEB-4F31-A230-EE49DF43B65F}.Debug|Any CPU.ActiveCfg = Debug|Any CPU
		{6E2AC88C-1FEB-4F31-A230-EE49DF43B65F}.Debug|Any CPU.Build.0 = Debug|Any CPU
		{6E2AC88C-1FEB-4F31-A230-EE49DF43B65F}.Release|Any CPU.ActiveCfg = Release|Any CPU
		{6E2AC88C-1FEB-4F31-A230-EE49DF43B65F}.Release|Any CPU.Build.0 = Release|Any CPU
		{3C1E2ABA-CB08-41C6-AFB9-93F28B74FB8B}.Debug|Any CPU.ActiveCfg = Debug|Any CPU
		{3C1E2ABA-CB08-41C6-AFB9-93F28B74FB8B}.Debug|Any CPU.Build.0 = Debug|Any CPU
		{3C1E2ABA-CB08-41C6-AFB9-93F28B74FB8B}.Release|Any CPU.ActiveCfg = Release|Any CPU
		{3C1E2ABA-CB08-41C6-AFB9-93F28B74FB8B}.Release|Any CPU.Build.0 = Release|Any CPU
		{C720CB07-4D8E-4304-B468-A837BFB74331}.Debug|Any CPU.ActiveCfg = Debug|Any CPU
		{C720CB07-4D8E-4304-B468-A837BFB74331}.Debug|Any CPU.Build.0 = Debug|Any CPU
		{C720CB07-4D8E-4304-B468-A837BFB74331}.Release|Any CPU.ActiveCfg = Release|Any CPU
		{C720CB07-4D8E-4304-B468-A837BFB74331}.Release|Any CPU.Build.0 = Release|Any CPU
		{B855D1AB-8549-42FC-B82B-3AF6EFF4B0BA}.Debug|Any CPU.ActiveCfg = Debug|Any CPU
		{B855D1AB-8549-42FC-B82B-3AF6EFF4B0BA}.Debug|Any CPU.Build.0 = Debug|Any CPU
		{B855D1AB-8549-42FC-B82B-3AF6EFF4B0BA}.Release|Any CPU.ActiveCfg = Release|Any CPU
		{B855D1AB-8549-42FC-B82B-3AF6EFF4B0BA}.Release|Any CPU.Build.0 = Release|Any CPU
	EndGlobalSection
	GlobalSection(NestedProjects) = preSolution
		{EF8004B1-F444-4AD9-BDF0-98779EE58042} = {B13DD5C6-5DF2-4778-BAEA-FB89E5952594}
		{131D3E16-AFD7-424E-BF23-35F96DC2FA53} = {EF8004B1-F444-4AD9-BDF0-98779EE58042}
		{B32078EF-598A-4422-8FB6-C6A082BA0133} = {EF8004B1-F444-4AD9-BDF0-98779EE58042}
		{AE9CF6D9-704B-4286-A42E-E7020DC5FBA1} = {EF8004B1-F444-4AD9-BDF0-98779EE58042}
		{B800A7C6-4EB1-4E73-BC47-C7812BC33BA8} = {EF8004B1-F444-4AD9-BDF0-98779EE58042}
		{B14B5A6C-C9C8-4917-9FD3-EEE59B7472AE} = {B13DD5C6-5DF2-4778-BAEA-FB89E5952594}
		{14EE7C18-207F-4DBF-9659-097918212162} = {B14B5A6C-C9C8-4917-9FD3-EEE59B7472AE}
		{8CD06C15-13BD-46E3-8DEB-BC20CC1CBF19} = {B14B5A6C-C9C8-4917-9FD3-EEE59B7472AE}
		{6DC121D0-BED4-45FC-AF12-F6D15DB0B78E} = {B14B5A6C-C9C8-4917-9FD3-EEE59B7472AE}
		{E88438CC-57C6-407C-AF56-A32C4697F6B2} = {B13DD5C6-5DF2-4778-BAEA-FB89E5952594}
		{86C4A555-88DF-45E4-8D24-898F9E65CD9F} = {E88438CC-57C6-407C-AF56-A32C4697F6B2}
		{7C39007D-A83F-4838-BC46-1EE789591775} = {E88438CC-57C6-407C-AF56-A32C4697F6B2}
		{42DE5B48-7F2D-442A-BEB5-39CF21460134} = {B5759B83-601A-4A12-B942-1E90477B0A9E}
		{8D8CEDF4-BB3E-416D-9563-2A143F9B0476} = {B5759B83-601A-4A12-B942-1E90477B0A9E}
		{265EFB3A-DC00-4294-B71C-8A9C356055CB} = {B5759B83-601A-4A12-B942-1E90477B0A9E}
		{62C93B49-E1AF-4686-9937-28CDE5839563} = {265EFB3A-DC00-4294-B71C-8A9C356055CB}
		{8738C349-49FB-4920-B7A4-F62D2CD8EA34} = {265EFB3A-DC00-4294-B71C-8A9C356055CB}
		{73EC0CF0-A615-4A06-9D4F-73D6D70EDC7E} = {265EFB3A-DC00-4294-B71C-8A9C356055CB}
		{C3231727-7D97-407C-A6E2-E677D6D2B7B0} = {265EFB3A-DC00-4294-B71C-8A9C356055CB}
		{4344A48E-3BE0-4DA0-A4E7-86DFEA034924} = {265EFB3A-DC00-4294-B71C-8A9C356055CB}
		{D424EA52-CC6D-4B07-9F87-B63639E7F656} = {265EFB3A-DC00-4294-B71C-8A9C356055CB}
		{6447F9A6-FBCD-467E-82C6-979EB0DF5FD7} = {265EFB3A-DC00-4294-B71C-8A9C356055CB}
		{5C28B97E-C3D8-4FD1-AB64-59D253CCA732} = {265EFB3A-DC00-4294-B71C-8A9C356055CB}
		{2DE8D1FE-DB7D-4B36-B171-46595E474428} = {265EFB3A-DC00-4294-B71C-8A9C356055CB}
		{50CAE8FB-2B41-4DA9-88CE-246FEA9E77AB} = {265EFB3A-DC00-4294-B71C-8A9C356055CB}
		{FE1D8BF2-4723-4E9C-A8B9-E8790BA2300A} = {265EFB3A-DC00-4294-B71C-8A9C356055CB}
		{0D317E30-C389-40C6-A78E-562D9ABFDC21} = {265EFB3A-DC00-4294-B71C-8A9C356055CB}
		{59A0ED18-F2FF-4EA5-8EAD-8C624D54E30F} = {265EFB3A-DC00-4294-B71C-8A9C356055CB}
		{0569975D-E1DF-4710-A9AC-31AE2B8925A1} = {B5759B83-601A-4A12-B942-1E90477B0A9E}
		{E5B16C3E-B43A-489A-8301-7C2D07F7E8AD} = {0569975D-E1DF-4710-A9AC-31AE2B8925A1}
		{34CD51C0-5F19-4A95-BEAA-D5E0C7163F52} = {0569975D-E1DF-4710-A9AC-31AE2B8925A1}
		{A84A2E01-C0E9-4B45-8B3C-B2EFB80C0167} = {0569975D-E1DF-4710-A9AC-31AE2B8925A1}
		{BA1263E8-A621-4A51-ADF5-A263B0931427} = {0569975D-E1DF-4710-A9AC-31AE2B8925A1}
		{FE2F01D5-3605-4C87-B461-38DADA2985F5} = {0569975D-E1DF-4710-A9AC-31AE2B8925A1}
		{EF4F8DB2-24FF-433C-94BA-FAC4071C81F1} = {0569975D-E1DF-4710-A9AC-31AE2B8925A1}
		{5FD9729D-7D06-4C51-923F-43E413865618} = {0569975D-E1DF-4710-A9AC-31AE2B8925A1}
		{9BE4A59B-E4E8-40D9-A974-E2751D5C5C67} = {0569975D-E1DF-4710-A9AC-31AE2B8925A1}
		{06F8C4F2-F367-41C4-B5D7-3468A570E8AB} = {B5759B83-601A-4A12-B942-1E90477B0A9E}
		{5C6C2E7C-F4D3-4307-B54F-9B00EC82827B} = {06F8C4F2-F367-41C4-B5D7-3468A570E8AB}
		{0B2A3D48-65C4-4D35-9D48-154CB60B4B25} = {06F8C4F2-F367-41C4-B5D7-3468A570E8AB}
		{C5682235-40E2-42DB-9F38-9BBB006356E2} = {06F8C4F2-F367-41C4-B5D7-3468A570E8AB}
		{8B031958-DEAA-4C9B-8F3D-3DCE19C6A883} = {06F8C4F2-F367-41C4-B5D7-3468A570E8AB}
		{C1FCA07C-132B-4D7A-BDB7-1766502899E9} = {06F8C4F2-F367-41C4-B5D7-3468A570E8AB}
		{74502A89-6A02-4AD1-9296-868D598E2F3B} = {06F8C4F2-F367-41C4-B5D7-3468A570E8AB}
		{B610ADDB-3037-4528-BA00-FF55FB4BBA75} = {06F8C4F2-F367-41C4-B5D7-3468A570E8AB}
		{465E4001-05C8-49CC-A2F4-C67FA172BA6B} = {06F8C4F2-F367-41C4-B5D7-3468A570E8AB}
		{0C3CF3D2-B26F-4D83-A3A7-06904AE31E65} = {06F8C4F2-F367-41C4-B5D7-3468A570E8AB}
		{08543784-0AED-4A49-9B95-FA79ABB8AB28} = {06F8C4F2-F367-41C4-B5D7-3468A570E8AB}
		{A8DA7F07-1BA6-4057-9B14-D2EBA2FEC7AC} = {06F8C4F2-F367-41C4-B5D7-3468A570E8AB}
		{E3180BB2-C804-4EA2-BA26-52367D6E98C0} = {06F8C4F2-F367-41C4-B5D7-3468A570E8AB}
		{E1F20779-3A81-4B2E-8940-E14DB322EA38} = {06F8C4F2-F367-41C4-B5D7-3468A570E8AB}
		{037BB52C-7A31-4181-B4CC-8FBD0587609D} = {14BF8826-6A2D-481E-9596-F6C6B72657D5}
		{9A0FEB96-D457-4C71-9350-E5C1260712AA} = {14BF8826-6A2D-481E-9596-F6C6B72657D5}
		{27C16BC7-BCC2-4CC3-807A-73562CD846AA} = {14BF8826-6A2D-481E-9596-F6C6B72657D5}
		{06C108A3-E019-4F29-A1F2-9DA82ED62D64} = {14BF8826-6A2D-481E-9596-F6C6B72657D5}
		{FB5B1048-A0E9-45D8-BBEB-B5B7253EA554} = {B5759B83-601A-4A12-B942-1E90477B0A9E}
		{544994E9-0888-4EE6-B414-968503E059D6} = {FB5B1048-A0E9-45D8-BBEB-B5B7253EA554}
		{F2C8D876-13BC-4D82-898B-59085384C081} = {FB5B1048-A0E9-45D8-BBEB-B5B7253EA554}
		{78921AD1-3E1F-48C0-980E-9E2DC8522BB9} = {FB5B1048-A0E9-45D8-BBEB-B5B7253EA554}
		{E01162F3-BDAC-4EB4-9996-3075FCEE923A} = {FB5B1048-A0E9-45D8-BBEB-B5B7253EA554}
		{11404881-68C1-4AC7-BBFF-4D2D70938210} = {FB5B1048-A0E9-45D8-BBEB-B5B7253EA554}
		{9DCD3FDE-9F59-4E35-AADE-7856E7FA1969} = {FB5B1048-A0E9-45D8-BBEB-B5B7253EA554}
		{46F70B94-F955-4D6D-AE80-BD0B273572B9} = {FB5B1048-A0E9-45D8-BBEB-B5B7253EA554}
		{39C5623D-AEA2-49D1-AD43-22BFF1F456CE} = {FB5B1048-A0E9-45D8-BBEB-B5B7253EA554}
		{7740D512-FC53-4C43-B75E-1DFBE92F253A} = {FB5B1048-A0E9-45D8-BBEB-B5B7253EA554}
		{C21A6578-E474-4DDA-9C0F-2D982A2DED59} = {FB5B1048-A0E9-45D8-BBEB-B5B7253EA554}
		{BB2CCF0E-CC8D-4B3A-B638-BAB65AC641EB} = {FB5B1048-A0E9-45D8-BBEB-B5B7253EA554}
		{FEA7C638-2AD3-4CEE-895F-7C788437CDFC} = {FB5B1048-A0E9-45D8-BBEB-B5B7253EA554}
		{55698457-5A98-400B-97F2-3520A0E00675} = {FB5B1048-A0E9-45D8-BBEB-B5B7253EA554}
		{6225CE6A-05D5-47C1-B369-8B07FF0C1BC6} = {FB5B1048-A0E9-45D8-BBEB-B5B7253EA554}
		{DB29ADA1-D097-445D-B610-44F1954C4F9B} = {FB5B1048-A0E9-45D8-BBEB-B5B7253EA554}
		{4FCC1872-BF5E-4A54-BDFC-2335DC6BA8C7} = {FB5B1048-A0E9-45D8-BBEB-B5B7253EA554}
		{7A98495A-839B-457A-A4E9-715970FA2C3F} = {FB5B1048-A0E9-45D8-BBEB-B5B7253EA554}
		{DA55E051-316A-4469-930A-F023A0A27710} = {FB5B1048-A0E9-45D8-BBEB-B5B7253EA554}
		{0732F0BF-7758-44DD-B474-034D41458965} = {FB5B1048-A0E9-45D8-BBEB-B5B7253EA554}
		{F654861A-3981-4908-9F9E-7283594E2792} = {FB5B1048-A0E9-45D8-BBEB-B5B7253EA554}
		{B6219385-005F-4F46-8076-F01A4286A706} = {FB5B1048-A0E9-45D8-BBEB-B5B7253EA554}
		{0514DB85-262C-4649-BEAC-F0E005D2BF26} = {B13DD5C6-5DF2-4778-BAEA-FB89E5952594}
		{F6DB2447-7E47-43D1-8BE2-0909E4E00050} = {0514DB85-262C-4649-BEAC-F0E005D2BF26}
		{F9535058-0019-4D87-B511-152615DEAB4E} = {0514DB85-262C-4649-BEAC-F0E005D2BF26}
		{8F8753C2-DA85-44AB-BA29-37D68EE39150} = {0514DB85-262C-4649-BEAC-F0E005D2BF26}
		{04520A1B-CA1E-4F12-BE81-EA8B76AE198E} = {B5759B83-601A-4A12-B942-1E90477B0A9E}
		{93FC4371-C3F7-4AF5-9991-0C9E5BF64CD9} = {04520A1B-CA1E-4F12-BE81-EA8B76AE198E}
		{2A0AA8D4-A0F2-4174-B2D4-3922B0D3405F} = {04520A1B-CA1E-4F12-BE81-EA8B76AE198E}
		{5FCA78EF-DD67-4EFF-B8FD-BBD481529864} = {04520A1B-CA1E-4F12-BE81-EA8B76AE198E}
		{372CC617-37C0-4E88-BEFC-6FE5BC33CAD6} = {04520A1B-CA1E-4F12-BE81-EA8B76AE198E}
		{CFF9A0E6-FB91-44F7-9922-BB56885E0692} = {04520A1B-CA1E-4F12-BE81-EA8B76AE198E}
		{F89EBDEE-BB22-41DF-A75D-90353601A20A} = {04520A1B-CA1E-4F12-BE81-EA8B76AE198E}
		{27831F06-B5F8-4B5D-A2A0-B68B29F66692} = {04520A1B-CA1E-4F12-BE81-EA8B76AE198E}
		{2726427D-37E1-4B15-851D-57F9DDDF6323} = {04520A1B-CA1E-4F12-BE81-EA8B76AE198E}
		{7C9BF8C7-3DE7-460B-A93D-89F1CE7CAF4A} = {04520A1B-CA1E-4F12-BE81-EA8B76AE198E}
		{7736C99D-51AE-4C4E-80AB-3068E9489F8A} = {04520A1B-CA1E-4F12-BE81-EA8B76AE198E}
		{4362F4C7-A7C9-4E16-86C6-68CDCFECE082} = {04520A1B-CA1E-4F12-BE81-EA8B76AE198E}
		{A2BA93D1-BD88-45DA-8E01-0832D26D6498} = {04520A1B-CA1E-4F12-BE81-EA8B76AE198E}
		{8AD41EB4-9C80-4D2D-A43C-790350E624DD} = {E88438CC-57C6-407C-AF56-A32C4697F6B2}
		{93F1C25F-EEB1-4461-96EB-BC0F39FC52BF} = {14BF8826-6A2D-481E-9596-F6C6B72657D5}
		{B62B9CF8-21C0-4EA9-A0DF-BEF135B9147B} = {B5759B83-601A-4A12-B942-1E90477B0A9E}
		{E52F3AF4-6E07-4F82-B3A1-71459C530F37} = {B62B9CF8-21C0-4EA9-A0DF-BEF135B9147B}
		{5568BC5C-6CF1-436A-A54E-C939A9D183D0} = {B62B9CF8-21C0-4EA9-A0DF-BEF135B9147B}
		{632F0FF2-92C8-4132-98AB-CFDFC86E6C03} = {B62B9CF8-21C0-4EA9-A0DF-BEF135B9147B}
		{3942F5CE-15D1-4BB2-994C-9C5321712C90} = {B62B9CF8-21C0-4EA9-A0DF-BEF135B9147B}
		{6E2AC88C-1FEB-4F31-A230-EE49DF43B65F} = {B62B9CF8-21C0-4EA9-A0DF-BEF135B9147B}
		{3C1E2ABA-CB08-41C6-AFB9-93F28B74FB8B} = {B62B9CF8-21C0-4EA9-A0DF-BEF135B9147B}
		{C720CB07-4D8E-4304-B468-A837BFB74331} = {B62B9CF8-21C0-4EA9-A0DF-BEF135B9147B}
		{B855D1AB-8549-42FC-B82B-3AF6EFF4B0BA} = {B62B9CF8-21C0-4EA9-A0DF-BEF135B9147B}
	EndGlobalSection
EndGlobal
