
Microsoft Visual Studio Solution File, Format Version 12.00
# Visual Studio Version 17
VisualStudioVersion = 17.0.31903.59
MinimumVisualStudioVersion = 10.0.40219.1
Project("{FAE04EC0-301F-11D3-BF4B-00C04F79EFBC}") = "Day1", "Day1\Day1.csproj", "{43A3DCD8-108E-4FD7-BCD8-080EAF729337}"
EndProject
Project("{FAE04EC0-301F-11D3-BF4B-00C04F79EFBC}") = "Day2", "Day2\Day2.csproj", "{19A2F4AB-C387-4F8B-8A73-3ABD777B7A18}"
EndProject
Project("{2150E333-8FDC-42A3-9474-1A3956D46DE8}") = "Day3", "Day3", "{C83F03FC-D99B-4DCB-9BF9-48F0C9B98C85}"
	ProjectSection(SolutionItems) = preProject
	EndProjectSection
EndProject
Project("{FAE04EC0-301F-11D3-BF4B-00C04F79EFBC}") = "A_InheritanceTutorial", "Day3\A_InheritanceTutorial\A_InheritanceTutorial.csproj", "{6918A8EF-0694-4489-ACF7-536EE4EA726A}"
EndProject
Project("{FAE04EC0-301F-11D3-BF4B-00C04F79EFBC}") = "B_Inheritance_ChildConstructor", "Day3\B_Inheritance_ChildConstructor\B_Inheritance_ChildConstructor.csproj", "{F849E68D-CDD4-42D9-8ACA-5A8A4ABBF7A2}"
EndProject
Project("{FAE04EC0-301F-11D3-BF4B-00C04F79EFBC}") = "F_ConstReadOnly", "Day3\F_ConstReadOnly\F_ConstReadOnly.csproj", "{0A064518-08E6-412F-81F3-F8C97FF57431}"
EndProject
Project("{FAE04EC0-301F-11D3-BF4B-00C04F79EFBC}") = "C_Inheritance_ParentConstructor", "Day3\C_Inheritance_ParentConstructor\C_Inheritance_ParentConstructor.csproj", "{03BBA4E3-64CF-4B3C-8A26-C4BF462AAAD2}"
EndProject
Project("{FAE04EC0-301F-11D3-BF4B-00C04F79EFBC}") = "D_Inheritance_ParentConstructorOverloading", "Day3\D_Inheritance_ParentConstructorOverloading\D_Inheritance_ParentConstructorOverloading.csproj", "{4891C1D8-9071-4E24-929E-4901EFD53A0D}"
EndProject
Project("{FAE04EC0-301F-11D3-BF4B-00C04F79EFBC}") = "E_Inheritance_Parent=Child", "Day3\E_Inheritance_Parent=Child\E_Inheritance_Parent=Child.csproj", "{4A4A8D6C-531C-4883-9C31-BE47B6DFBEF4}"
EndProject
Project("{FAE04EC0-301F-11D3-BF4B-00C04F79EFBC}") = "G_DefaultAccessModifier", "Day3\G_DefaultAccessModifier\G_DefaultAccessModifier.csproj", "{E66DFC78-E63C-4086-A0F4-531BE575FD18}"
EndProject
Project("{FAE04EC0-301F-11D3-BF4B-00C04F79EFBC}") = "H_PrivateMethod", "Day3\H_PrivateMethod\H_PrivateMethod.csproj", "{5B42001F-7124-4006-B56A-04630863EE5E}"
EndProject
Project("{FAE04EC0-301F-11D3-BF4B-00C04F79EFBC}") = "I_Overloading", "Day3\I_Overloading\I_Overloading.csproj", "{EE6AC78C-AA88-4091-9266-8446FCC35F9A}"
EndProject
Project("{FAE04EC0-301F-11D3-BF4B-00C04F79EFBC}") = "J_VirtualOverride", "Day3\J_VirtualOverride\J_VirtualOverride.csproj", "{FE3B348A-632E-4C4C-84C2-B5DEB3E1C802}"
EndProject
Project("{FAE04EC0-301F-11D3-BF4B-00C04F79EFBC}") = "K_Overriding_Parent=Child", "Day3\K_Overriding_Parent=Child\K_Overriding_Parent=Child.csproj", "{C53322A0-E57D-4EE8-9D88-C92A40857F34}"
EndProject
Project("{FAE04EC0-301F-11D3-BF4B-00C04F79EFBC}") = "L_MethodHiding", "Day3\L_MethodHiding\L_MethodHiding.csproj", "{CCC8DC39-23A6-47C1-95E9-F4AFC5790959}"
EndProject
Project("{FAE04EC0-301F-11D3-BF4B-00C04F79EFBC}") = "M_ImplementationOfOverriding", "Day3\M_ImplementationOfOverriding\M_ImplementationOfOverriding.csproj", "{49864B8A-5806-4640-8CFC-9BC985976CF6}"
EndProject
Global
	GlobalSection(SolutionConfigurationPlatforms) = preSolution
		Debug|Any CPU = Debug|Any CPU
		Release|Any CPU = Release|Any CPU
	EndGlobalSection
	GlobalSection(SolutionProperties) = preSolution
		HideSolutionNode = FALSE
	EndGlobalSection
	GlobalSection(ProjectConfigurationPlatforms) = postSolution
		{43A3DCD8-108E-4FD7-BCD8-080EAF729337}.Debug|Any CPU.ActiveCfg = Debug|Any CPU
		{43A3DCD8-108E-4FD7-BCD8-080EAF729337}.Debug|Any CPU.Build.0 = Debug|Any CPU
		{43A3DCD8-108E-4FD7-BCD8-080EAF729337}.Release|Any CPU.ActiveCfg = Release|Any CPU
		{43A3DCD8-108E-4FD7-BCD8-080EAF729337}.Release|Any CPU.Build.0 = Release|Any CPU
		{19A2F4AB-C387-4F8B-8A73-3ABD777B7A18}.Debug|Any CPU.ActiveCfg = Debug|Any CPU
		{19A2F4AB-C387-4F8B-8A73-3ABD777B7A18}.Debug|Any CPU.Build.0 = Debug|Any CPU
		{19A2F4AB-C387-4F8B-8A73-3ABD777B7A18}.Release|Any CPU.ActiveCfg = Release|Any CPU
		{19A2F4AB-C387-4F8B-8A73-3ABD777B7A18}.Release|Any CPU.Build.0 = Release|Any CPU
		{6918A8EF-0694-4489-ACF7-536EE4EA726A}.Debug|Any CPU.ActiveCfg = Debug|Any CPU
		{6918A8EF-0694-4489-ACF7-536EE4EA726A}.Debug|Any CPU.Build.0 = Debug|Any CPU
		{6918A8EF-0694-4489-ACF7-536EE4EA726A}.Release|Any CPU.ActiveCfg = Release|Any CPU
		{6918A8EF-0694-4489-ACF7-536EE4EA726A}.Release|Any CPU.Build.0 = Release|Any CPU
		{F849E68D-CDD4-42D9-8ACA-5A8A4ABBF7A2}.Debug|Any CPU.ActiveCfg = Debug|Any CPU
		{F849E68D-CDD4-42D9-8ACA-5A8A4ABBF7A2}.Debug|Any CPU.Build.0 = Debug|Any CPU
		{F849E68D-CDD4-42D9-8ACA-5A8A4ABBF7A2}.Release|Any CPU.ActiveCfg = Release|Any CPU
		{F849E68D-CDD4-42D9-8ACA-5A8A4ABBF7A2}.Release|Any CPU.Build.0 = Release|Any CPU
		{0A064518-08E6-412F-81F3-F8C97FF57431}.Debug|Any CPU.ActiveCfg = Debug|Any CPU
		{0A064518-08E6-412F-81F3-F8C97FF57431}.Debug|Any CPU.Build.0 = Debug|Any CPU
		{0A064518-08E6-412F-81F3-F8C97FF57431}.Release|Any CPU.ActiveCfg = Release|Any CPU
		{0A064518-08E6-412F-81F3-F8C97FF57431}.Release|Any CPU.Build.0 = Release|Any CPU
		{03BBA4E3-64CF-4B3C-8A26-C4BF462AAAD2}.Debug|Any CPU.ActiveCfg = Debug|Any CPU
		{03BBA4E3-64CF-4B3C-8A26-C4BF462AAAD2}.Debug|Any CPU.Build.0 = Debug|Any CPU
		{03BBA4E3-64CF-4B3C-8A26-C4BF462AAAD2}.Release|Any CPU.ActiveCfg = Release|Any CPU
		{03BBA4E3-64CF-4B3C-8A26-C4BF462AAAD2}.Release|Any CPU.Build.0 = Release|Any CPU
		{4891C1D8-9071-4E24-929E-4901EFD53A0D}.Debug|Any CPU.ActiveCfg = Debug|Any CPU
		{4891C1D8-9071-4E24-929E-4901EFD53A0D}.Debug|Any CPU.Build.0 = Debug|Any CPU
		{4891C1D8-9071-4E24-929E-4901EFD53A0D}.Release|Any CPU.ActiveCfg = Release|Any CPU
		{4891C1D8-9071-4E24-929E-4901EFD53A0D}.Release|Any CPU.Build.0 = Release|Any CPU
		{4A4A8D6C-531C-4883-9C31-BE47B6DFBEF4}.Debug|Any CPU.ActiveCfg = Debug|Any CPU
		{4A4A8D6C-531C-4883-9C31-BE47B6DFBEF4}.Debug|Any CPU.Build.0 = Debug|Any CPU
		{4A4A8D6C-531C-4883-9C31-BE47B6DFBEF4}.Release|Any CPU.ActiveCfg = Release|Any CPU
		{4A4A8D6C-531C-4883-9C31-BE47B6DFBEF4}.Release|Any CPU.Build.0 = Release|Any CPU
		{E66DFC78-E63C-4086-A0F4-531BE575FD18}.Debug|Any CPU.ActiveCfg = Debug|Any CPU
		{E66DFC78-E63C-4086-A0F4-531BE575FD18}.Debug|Any CPU.Build.0 = Debug|Any CPU
		{E66DFC78-E63C-4086-A0F4-531BE575FD18}.Release|Any CPU.ActiveCfg = Release|Any CPU
		{E66DFC78-E63C-4086-A0F4-531BE575FD18}.Release|Any CPU.Build.0 = Release|Any CPU
		{5B42001F-7124-4006-B56A-04630863EE5E}.Debug|Any CPU.ActiveCfg = Debug|Any CPU
		{5B42001F-7124-4006-B56A-04630863EE5E}.Debug|Any CPU.Build.0 = Debug|Any CPU
		{5B42001F-7124-4006-B56A-04630863EE5E}.Release|Any CPU.ActiveCfg = Release|Any CPU
		{5B42001F-7124-4006-B56A-04630863EE5E}.Release|Any CPU.Build.0 = Release|Any CPU
		{EE6AC78C-AA88-4091-9266-8446FCC35F9A}.Debug|Any CPU.ActiveCfg = Debug|Any CPU
		{EE6AC78C-AA88-4091-9266-8446FCC35F9A}.Debug|Any CPU.Build.0 = Debug|Any CPU
		{EE6AC78C-AA88-4091-9266-8446FCC35F9A}.Release|Any CPU.ActiveCfg = Release|Any CPU
		{EE6AC78C-AA88-4091-9266-8446FCC35F9A}.Release|Any CPU.Build.0 = Release|Any CPU
		{FE3B348A-632E-4C4C-84C2-B5DEB3E1C802}.Debug|Any CPU.ActiveCfg = Debug|Any CPU
		{FE3B348A-632E-4C4C-84C2-B5DEB3E1C802}.Debug|Any CPU.Build.0 = Debug|Any CPU
		{FE3B348A-632E-4C4C-84C2-B5DEB3E1C802}.Release|Any CPU.ActiveCfg = Release|Any CPU
		{FE3B348A-632E-4C4C-84C2-B5DEB3E1C802}.Release|Any CPU.Build.0 = Release|Any CPU
		{C53322A0-E57D-4EE8-9D88-C92A40857F34}.Debug|Any CPU.ActiveCfg = Debug|Any CPU
		{C53322A0-E57D-4EE8-9D88-C92A40857F34}.Debug|Any CPU.Build.0 = Debug|Any CPU
		{C53322A0-E57D-4EE8-9D88-C92A40857F34}.Release|Any CPU.ActiveCfg = Release|Any CPU
		{C53322A0-E57D-4EE8-9D88-C92A40857F34}.Release|Any CPU.Build.0 = Release|Any CPU
		{CCC8DC39-23A6-47C1-95E9-F4AFC5790959}.Debug|Any CPU.ActiveCfg = Debug|Any CPU
		{CCC8DC39-23A6-47C1-95E9-F4AFC5790959}.Debug|Any CPU.Build.0 = Debug|Any CPU
		{CCC8DC39-23A6-47C1-95E9-F4AFC5790959}.Release|Any CPU.ActiveCfg = Release|Any CPU
		{CCC8DC39-23A6-47C1-95E9-F4AFC5790959}.Release|Any CPU.Build.0 = Release|Any CPU
		{49864B8A-5806-4640-8CFC-9BC985976CF6}.Debug|Any CPU.ActiveCfg = Debug|Any CPU
		{49864B8A-5806-4640-8CFC-9BC985976CF6}.Debug|Any CPU.Build.0 = Debug|Any CPU
		{49864B8A-5806-4640-8CFC-9BC985976CF6}.Release|Any CPU.ActiveCfg = Release|Any CPU
		{49864B8A-5806-4640-8CFC-9BC985976CF6}.Release|Any CPU.Build.0 = Release|Any CPU
	EndGlobalSection
	GlobalSection(NestedProjects) = preSolution
		{6918A8EF-0694-4489-ACF7-536EE4EA726A} = {C83F03FC-D99B-4DCB-9BF9-48F0C9B98C85}
		{F849E68D-CDD4-42D9-8ACA-5A8A4ABBF7A2} = {C83F03FC-D99B-4DCB-9BF9-48F0C9B98C85}
		{0A064518-08E6-412F-81F3-F8C97FF57431} = {C83F03FC-D99B-4DCB-9BF9-48F0C9B98C85}
		{03BBA4E3-64CF-4B3C-8A26-C4BF462AAAD2} = {C83F03FC-D99B-4DCB-9BF9-48F0C9B98C85}
		{4891C1D8-9071-4E24-929E-4901EFD53A0D} = {C83F03FC-D99B-4DCB-9BF9-48F0C9B98C85}
		{4A4A8D6C-531C-4883-9C31-BE47B6DFBEF4} = {C83F03FC-D99B-4DCB-9BF9-48F0C9B98C85}
		{E66DFC78-E63C-4086-A0F4-531BE575FD18} = {C83F03FC-D99B-4DCB-9BF9-48F0C9B98C85}
		{5B42001F-7124-4006-B56A-04630863EE5E} = {C83F03FC-D99B-4DCB-9BF9-48F0C9B98C85}
		{EE6AC78C-AA88-4091-9266-8446FCC35F9A} = {C83F03FC-D99B-4DCB-9BF9-48F0C9B98C85}
		{FE3B348A-632E-4C4C-84C2-B5DEB3E1C802} = {C83F03FC-D99B-4DCB-9BF9-48F0C9B98C85}
		{C53322A0-E57D-4EE8-9D88-C92A40857F34} = {C83F03FC-D99B-4DCB-9BF9-48F0C9B98C85}
		{CCC8DC39-23A6-47C1-95E9-F4AFC5790959} = {C83F03FC-D99B-4DCB-9BF9-48F0C9B98C85}
		{49864B8A-5806-4640-8CFC-9BC985976CF6} = {C83F03FC-D99B-4DCB-9BF9-48F0C9B98C85}
	EndGlobalSection
EndGlobal
