
Microsoft Visual Studio Solution File, Format Version 12.00
# Visual Studio Version 17
VisualStudioVersion = 17.0.31903.59
MinimumVisualStudioVersion = 10.0.40219.1
Project("{FAE04EC0-301F-11D3-BF4B-00C04F79EFBC}") = "Day1", "Day1\Day1.csproj", "{43A3DCD8-108E-4FD7-BCD8-080EAF729337}"
EndProject
Project("{FAE04EC0-301F-11D3-BF4B-00C04F79EFBC}") = "Day2", "Day2\Day2.csproj", "{19A2F4AB-C387-4F8B-8A73-3ABD777B7A18}"
EndProject
Global
	GlobalSection(SolutionConfigurationPlatforms) = preSolution
		Debug|Any CPU = Debug|Any CPU
		Release|Any CPU = Release|Any CPU
	EndGlobalSection
	GlobalSection(SolutionProperties) = preSolution
		HideSolutionNode = FALSE
	EndGlobalSection
	GlobalSection(ProjectConfigurationPlatforms) = postSolution
		{43A3DCD8-108E-4FD7-BCD8-080EAF729337}.Debug|Any CPU.ActiveCfg = Debug|Any CPU
		{43A3DCD8-108E-4FD7-BCD8-080EAF729337}.Debug|Any CPU.Build.0 = Debug|Any CPU
		{43A3DCD8-108E-4FD7-BCD8-080EAF729337}.Release|Any CPU.ActiveCfg = Release|Any CPU
		{43A3DCD8-108E-4FD7-BCD8-080EAF729337}.Release|Any CPU.Build.0 = Release|Any CPU
		{19A2F4AB-C387-4F8B-8A73-3ABD777B7A18}.Debug|Any CPU.ActiveCfg = Debug|Any CPU
		{19A2F4AB-C387-4F8B-8A73-3ABD777B7A18}.Debug|Any CPU.Build.0 = Debug|Any CPU
		{19A2F4AB-C387-4F8B-8A73-3ABD777B7A18}.Release|Any CPU.ActiveCfg = Release|Any CPU
		{19A2F4AB-C387-4F8B-8A73-3ABD777B7A18}.Release|Any CPU.Build.0 = Release|Any CPU
	EndGlobalSection
EndGlobal
